PODS:
  - Alamofire (5.4.4)
  - Charts (4.1.0):
    - Charts/Core (= 4.1.0)
  - Charts/Core (4.1.0):
    - SwiftAlgorithms (~> 1.0)
  - Kingfisher (7.11.0)
  - Pageboy (4.1.0)
  - SCLAlertView (0.8)
  - SnapKit (5.7.1)
  - SwiftAlgorithms (1.0.0)
  - Tabman (3.1.0):
    - Pageboy (~> 4.1.0)
  - Then (3.0.0)

DEPENDENCIES:
  - Alamofire (~> 5.4.4)
  - Charts
  - Kingfisher
  - SCLAlertView
  - SnapKit
  - Tabman
  - Then

SPEC REPOS:
  trunk:
    - Alamofire
    - Charts
    - Kingfisher
    - Pageboy
    - SCLAlertView
    - SnapKit
    - SwiftAlgorithms
    - Tabman
    - Then

SPEC CHECKSUMS:
  Alamofire: f3b09a368f1582ab751b3fff5460276e0d2cf5c9
  Charts: ce0768268078eee0336f122c3c4ca248e4e204c5
  Kingfisher: b9c985d864d43515f404f1ef4a8ce7d802ace3ac
  Pageboy: e1c494f866874697493da9528777c5006fee613c
  SCLAlertView: 6a77bb2edfc65e04dbe57725546cb4107a506b85
  SnapKit: d612e99e678a2d3b95bf60b0705ed0a35c03484a
  SwiftAlgorithms: 38dda4731d19027fdeee1125f973111bf3386b53
  Tabman: b4211db1d33b7e993015e2e7c6746e6003c02725
  Then: 844265ae87834bbe1147d91d5d41a404da2ec27d

PODFILE CHECKSUM: f6c1f3dc30afb0452b7540058f32562deee3469e

COCOAPODS: 1.15.2
