// !$*UTF8*$!
{
	archiveVersion = 1;
	classes = {
	};
	objectVersion = 56;
	objects = {

/* Begin PBXBuildFile section */
		0CD2E5C4D44F036D19EBBDDE /* Pods_yeonbaTests.framework in Frameworks */ = {isa = PBXBuildFile; fileRef = 5DBB159A14455619B6835215 /* Pods_yeonbaTests.framework */; };
		679B146CD0D274034139FA8A /* Pods_yeonba.framework in Frameworks */ = {isa = PBXBuildFile; fileRef = DEAD4A534BF4E1C4189DF421 /* Pods_yeonba.framework */; };
		C180EF7D2B905AD200673C29 /* HomeViewController.swift in Sources */ = {isa = PBXBuildFile; fileRef = C180EF7C2B905AD200673C29 /* HomeViewController.swift */; };
		C180EF7F2B905AF300673C29 /* SearchViewController.swift in Sources */ = {isa = PBXBuildFile; fileRef = C180EF7E2B905AF300673C29 /* SearchViewController.swift */; };
		C180EF832B905B4A00673C29 /* CollectViewController.swift in Sources */ = {isa = PBXBuildFile; fileRef = C180EF822B905B4A00673C29 /* CollectViewController.swift */; };
		C180EF852B905B6400673C29 /* ChattingViewController.swift in Sources */ = {isa = PBXBuildFile; fileRef = C180EF842B905B6400673C29 /* ChattingViewController.swift */; };
		C180EF892B905BB000673C29 /* SettingViewController.swift in Sources */ = {isa = PBXBuildFile; fileRef = C180EF882B905BB000673C29 /* SettingViewController.swift */; };
		C180EF8C2B9064BF00673C29 /* tabbarController.swift in Sources */ = {isa = PBXBuildFile; fileRef = C180EF8B2B9064BF00673C29 /* tabbarController.swift */; };
		C1C2A5E62B8C6D7E005B0FCC /* AppDelegate.swift in Sources */ = {isa = PBXBuildFile; fileRef = C1C2A5E52B8C6D7E005B0FCC /* AppDelegate.swift */; };
		C1C2A5E82B8C6D7E005B0FCC /* SceneDelegate.swift in Sources */ = {isa = PBXBuildFile; fileRef = C1C2A5E72B8C6D7E005B0FCC /* SceneDelegate.swift */; };
		C1C2A5EF2B8C6D7F005B0FCC /* Assets.xcassets in Resources */ = {isa = PBXBuildFile; fileRef = C1C2A5EE2B8C6D7F005B0FCC /* Assets.xcassets */; };
		C1C2A5F22B8C6D7F005B0FCC /* LaunchScreen.storyboard in Resources */ = {isa = PBXBuildFile; fileRef = C1C2A5F02B8C6D7F005B0FCC /* LaunchScreen.storyboard */; };
		C1C2A5FD2B8C6D7F005B0FCC /* yeonbaTests.swift in Sources */ = {isa = PBXBuildFile; fileRef = C1C2A5FC2B8C6D7F005B0FCC /* yeonbaTests.swift */; };
		C1C2A6072B8C6D7F005B0FCC /* yeonbaUITests.swift in Sources */ = {isa = PBXBuildFile; fileRef = C1C2A6062B8C6D7F005B0FCC /* yeonbaUITests.swift */; };
		C1C2A6092B8C6D7F005B0FCC /* yeonbaUITestsLaunchTests.swift in Sources */ = {isa = PBXBuildFile; fileRef = C1C2A6082B8C6D7F005B0FCC /* yeonbaUITestsLaunchTests.swift */; };
		F1B481431A19E3E0FCFDE218 /* Pods_yeonba_yeonbaUITests.framework in Frameworks */ = {isa = PBXBuildFile; fileRef = E8B228304055BC0E444311FE /* Pods_yeonba_yeonbaUITests.framework */; };
/* End PBXBuildFile section */

/* Begin PBXContainerItemProxy section */
		C1C2A5F92B8C6D7F005B0FCC /* PBXContainerItemProxy */ = {
			isa = PBXContainerItemProxy;
			containerPortal = C1C2A5DA2B8C6D7E005B0FCC /* Project object */;
			proxyType = 1;
			remoteGlobalIDString = C1C2A5E12B8C6D7E005B0FCC;
			remoteInfo = yeonba;
		};
		C1C2A6032B8C6D7F005B0FCC /* PBXContainerItemProxy */ = {
			isa = PBXContainerItemProxy;
			containerPortal = C1C2A5DA2B8C6D7E005B0FCC /* Project object */;
			proxyType = 1;
			remoteGlobalIDString = C1C2A5E12B8C6D7E005B0FCC;
			remoteInfo = yeonba;
		};
/* End PBXContainerItemProxy section */

/* Begin PBXFileReference section */
		2E16C548600C3D3F172F975E /* Pods-yeonba-yeonbaUITests.debug.xcconfig */ = {isa = PBXFileReference; includeInIndex = 1; lastKnownFileType = text.xcconfig; name = "Pods-yeonba-yeonbaUITests.debug.xcconfig"; path = "Target Support Files/Pods-yeonba-yeonbaUITests/Pods-yeonba-yeonbaUITests.debug.xcconfig"; sourceTree = "<group>"; };
		3DF7E8471E631874F1C73097 /* Pods-yeonba.release.xcconfig */ = {isa = PBXFileReference; includeInIndex = 1; lastKnownFileType = text.xcconfig; name = "Pods-yeonba.release.xcconfig"; path = "Target Support Files/Pods-yeonba/Pods-yeonba.release.xcconfig"; sourceTree = "<group>"; };
		5DBB159A14455619B6835215 /* Pods_yeonbaTests.framework */ = {isa = PBXFileReference; explicitFileType = wrapper.framework; includeInIndex = 0; path = Pods_yeonbaTests.framework; sourceTree = BUILT_PRODUCTS_DIR; };
		89D0A6422FE697656CC576F3 /* Pods-yeonbaTests.debug.xcconfig */ = {isa = PBXFileReference; includeInIndex = 1; lastKnownFileType = text.xcconfig; name = "Pods-yeonbaTests.debug.xcconfig"; path = "Target Support Files/Pods-yeonbaTests/Pods-yeonbaTests.debug.xcconfig"; sourceTree = "<group>"; };
		978FFE13F4813B455B3EDE49 /* Pods-yeonba.debug.xcconfig */ = {isa = PBXFileReference; includeInIndex = 1; lastKnownFileType = text.xcconfig; name = "Pods-yeonba.debug.xcconfig"; path = "Target Support Files/Pods-yeonba/Pods-yeonba.debug.xcconfig"; sourceTree = "<group>"; };
		C180EF7C2B905AD200673C29 /* HomeViewController.swift */ = {isa = PBXFileReference; lastKnownFileType = sourcecode.swift; path = HomeViewController.swift; sourceTree = "<group>"; };
		C180EF7E2B905AF300673C29 /* SearchViewController.swift */ = {isa = PBXFileReference; lastKnownFileType = sourcecode.swift; path = SearchViewController.swift; sourceTree = "<group>"; };
		C180EF822B905B4A00673C29 /* CollectViewController.swift */ = {isa = PBXFileReference; lastKnownFileType = sourcecode.swift; path = CollectViewController.swift; sourceTree = "<group>"; };
		C180EF842B905B6400673C29 /* ChattingViewController.swift */ = {isa = PBXFileReference; lastKnownFileType = sourcecode.swift; path = ChattingViewController.swift; sourceTree = "<group>"; };
		C180EF882B905BB000673C29 /* SettingViewController.swift */ = {isa = PBXFileReference; lastKnownFileType = sourcecode.swift; path = SettingViewController.swift; sourceTree = "<group>"; };
		C180EF8B2B9064BF00673C29 /* tabbarController.swift */ = {isa = PBXFileReference; lastKnownFileType = sourcecode.swift; path = tabbarController.swift; sourceTree = "<group>"; };
		C1C2A5E22B8C6D7E005B0FCC /* yeonba.app */ = {isa = PBXFileReference; explicitFileType = wrapper.application; includeInIndex = 0; path = yeonba.app; sourceTree = BUILT_PRODUCTS_DIR; };
		C1C2A5E52B8C6D7E005B0FCC /* AppDelegate.swift */ = {isa = PBXFileReference; lastKnownFileType = sourcecode.swift; path = AppDelegate.swift; sourceTree = "<group>"; };
		C1C2A5E72B8C6D7E005B0FCC /* SceneDelegate.swift */ = {isa = PBXFileReference; lastKnownFileType = sourcecode.swift; path = SceneDelegate.swift; sourceTree = "<group>"; };
		C1C2A5EE2B8C6D7F005B0FCC /* Assets.xcassets */ = {isa = PBXFileReference; lastKnownFileType = folder.assetcatalog; path = Assets.xcassets; sourceTree = "<group>"; };
		C1C2A5F12B8C6D7F005B0FCC /* Base */ = {isa = PBXFileReference; lastKnownFileType = file.storyboard; name = Base; path = Base.lproj/LaunchScreen.storyboard; sourceTree = "<group>"; };
		C1C2A5F32B8C6D7F005B0FCC /* Info.plist */ = {isa = PBXFileReference; lastKnownFileType = text.plist.xml; path = Info.plist; sourceTree = "<group>"; };
		C1C2A5F82B8C6D7F005B0FCC /* yeonbaTests.xctest */ = {isa = PBXFileReference; explicitFileType = wrapper.cfbundle; includeInIndex = 0; path = yeonbaTests.xctest; sourceTree = BUILT_PRODUCTS_DIR; };
		C1C2A5FC2B8C6D7F005B0FCC /* yeonbaTests.swift */ = {isa = PBXFileReference; lastKnownFileType = sourcecode.swift; path = yeonbaTests.swift; sourceTree = "<group>"; };
		C1C2A6022B8C6D7F005B0FCC /* yeonbaUITests.xctest */ = {isa = PBXFileReference; explicitFileType = wrapper.cfbundle; includeInIndex = 0; path = yeonbaUITests.xctest; sourceTree = BUILT_PRODUCTS_DIR; };
		C1C2A6062B8C6D7F005B0FCC /* yeonbaUITests.swift */ = {isa = PBXFileReference; lastKnownFileType = sourcecode.swift; path = yeonbaUITests.swift; sourceTree = "<group>"; };
		C1C2A6082B8C6D7F005B0FCC /* yeonbaUITestsLaunchTests.swift */ = {isa = PBXFileReference; lastKnownFileType = sourcecode.swift; path = yeonbaUITestsLaunchTests.swift; sourceTree = "<group>"; };
		DEAD4A534BF4E1C4189DF421 /* Pods_yeonba.framework */ = {isa = PBXFileReference; explicitFileType = wrapper.framework; includeInIndex = 0; path = Pods_yeonba.framework; sourceTree = BUILT_PRODUCTS_DIR; };
		E8B228304055BC0E444311FE /* Pods_yeonba_yeonbaUITests.framework */ = {isa = PBXFileReference; explicitFileType = wrapper.framework; includeInIndex = 0; path = Pods_yeonba_yeonbaUITests.framework; sourceTree = BUILT_PRODUCTS_DIR; };
		EA086D9AEF48419B7C4DD337 /* Pods-yeonbaTests.release.xcconfig */ = {isa = PBXFileReference; includeInIndex = 1; lastKnownFileType = text.xcconfig; name = "Pods-yeonbaTests.release.xcconfig"; path = "Target Support Files/Pods-yeonbaTests/Pods-yeonbaTests.release.xcconfig"; sourceTree = "<group>"; };
		EA60A48507B6957DA77315FA /* Pods-yeonba-yeonbaUITests.release.xcconfig */ = {isa = PBXFileReference; includeInIndex = 1; lastKnownFileType = text.xcconfig; name = "Pods-yeonba-yeonbaUITests.release.xcconfig"; path = "Target Support Files/Pods-yeonba-yeonbaUITests/Pods-yeonba-yeonbaUITests.release.xcconfig"; sourceTree = "<group>"; };
/* End PBXFileReference section */

/* Begin PBXFrameworksBuildPhase section */
		C1C2A5DF2B8C6D7E005B0FCC /* Frameworks */ = {
			isa = PBXFrameworksBuildPhase;
			buildActionMask = 2147483647;
			files = (
				679B146CD0D274034139FA8A /* Pods_yeonba.framework in Frameworks */,
			);
			runOnlyForDeploymentPostprocessing = 0;
		};
		C1C2A5F52B8C6D7F005B0FCC /* Frameworks */ = {
			isa = PBXFrameworksBuildPhase;
			buildActionMask = 2147483647;
			files = (
				0CD2E5C4D44F036D19EBBDDE /* Pods_yeonbaTests.framework in Frameworks */,
			);
			runOnlyForDeploymentPostprocessing = 0;
		};
		C1C2A5FF2B8C6D7F005B0FCC /* Frameworks */ = {
			isa = PBXFrameworksBuildPhase;
			buildActionMask = 2147483647;
			files = (
				F1B481431A19E3E0FCFDE218 /* Pods_yeonba_yeonbaUITests.framework in Frameworks */,
			);
			runOnlyForDeploymentPostprocessing = 0;
		};
/* End PBXFrameworksBuildPhase section */

/* Begin PBXGroup section */
		44B0E2E49A66FE5D0D1DF5BD /* Pods */ = {
			isa = PBXGroup;
			children = (
				978FFE13F4813B455B3EDE49 /* Pods-yeonba.debug.xcconfig */,
				3DF7E8471E631874F1C73097 /* Pods-yeonba.release.xcconfig */,
				2E16C548600C3D3F172F975E /* Pods-yeonba-yeonbaUITests.debug.xcconfig */,
				EA60A48507B6957DA77315FA /* Pods-yeonba-yeonbaUITests.release.xcconfig */,
				89D0A6422FE697656CC576F3 /* Pods-yeonbaTests.debug.xcconfig */,
				EA086D9AEF48419B7C4DD337 /* Pods-yeonbaTests.release.xcconfig */,
			);
			path = Pods;
			sourceTree = "<group>";
		};
		86722F33F66595439768D89B /* Frameworks */ = {
			isa = PBXGroup;
			children = (
				DEAD4A534BF4E1C4189DF421 /* Pods_yeonba.framework */,
				E8B228304055BC0E444311FE /* Pods_yeonba_yeonbaUITests.framework */,
				5DBB159A14455619B6835215 /* Pods_yeonbaTests.framework */,
			);
			name = Frameworks;
			sourceTree = "<group>";
		};
		C180EF802B905B0000673C29 /* HomeVC */ = {
			isa = PBXGroup;
			children = (
				C180EF7C2B905AD200673C29 /* HomeViewController.swift */,
			);
			path = HomeVC;
			sourceTree = "<group>";
		};
		C180EF812B905B1B00673C29 /* SearchVC */ = {
			isa = PBXGroup;
			children = (
				C180EF7E2B905AF300673C29 /* SearchViewController.swift */,
			);
			path = SearchVC;
			sourceTree = "<group>";
		};
		C180EF862B905B6800673C29 /* ChatVC */ = {
			isa = PBXGroup;
			children = (
				C180EF842B905B6400673C29 /* ChattingViewController.swift */,
			);
			path = ChatVC;
			sourceTree = "<group>";
		};
		C180EF872B905B8100673C29 /* CollectVC */ = {
			isa = PBXGroup;
			children = (
				C180EF822B905B4A00673C29 /* CollectViewController.swift */,
			);
			path = CollectVC;
			sourceTree = "<group>";
		};
		C180EF8A2B905BE500673C29 /* SetVC */ = {
			isa = PBXGroup;
			children = (
				C180EF882B905BB000673C29 /* SettingViewController.swift */,
			);
			path = SetVC;
			sourceTree = "<group>";
		};
		C1C2A5D92B8C6D7E005B0FCC = {
			isa = PBXGroup;
			children = (
				C1C2A5E42B8C6D7E005B0FCC /* yeonba */,
				C1C2A5FB2B8C6D7F005B0FCC /* yeonbaTests */,
				C1C2A6052B8C6D7F005B0FCC /* yeonbaUITests */,
				C1C2A5E32B8C6D7E005B0FCC /* Products */,
				44B0E2E49A66FE5D0D1DF5BD /* Pods */,
				86722F33F66595439768D89B /* Frameworks */,
			);
			sourceTree = "<group>";
		};
		C1C2A5E32B8C6D7E005B0FCC /* Products */ = {
			isa = PBXGroup;
			children = (
				C1C2A5E22B8C6D7E005B0FCC /* yeonba.app */,
				C1C2A5F82B8C6D7F005B0FCC /* yeonbaTests.xctest */,
				C1C2A6022B8C6D7F005B0FCC /* yeonbaUITests.xctest */,
			);
			name = Products;
			sourceTree = "<group>";
		};
		C1C2A5E42B8C6D7E005B0FCC /* yeonba */ = {
			isa = PBXGroup;
			children = (
				C180EF8A2B905BE500673C29 /* SetVC */,
				C180EF872B905B8100673C29 /* CollectVC */,
				C180EF862B905B6800673C29 /* ChatVC */,
				C180EF812B905B1B00673C29 /* SearchVC */,
				C180EF802B905B0000673C29 /* HomeVC */,
				C1C2A5E52B8C6D7E005B0FCC /* AppDelegate.swift */,
				C1C2A5E72B8C6D7E005B0FCC /* SceneDelegate.swift */,
				C1C2A5EE2B8C6D7F005B0FCC /* Assets.xcassets */,
				C1C2A5F02B8C6D7F005B0FCC /* LaunchScreen.storyboard */,
				C1C2A5F32B8C6D7F005B0FCC /* Info.plist */,
				C180EF8B2B9064BF00673C29 /* tabbarController.swift */,
			);
			path = yeonba;
			sourceTree = "<group>";
		};
		C1C2A5FB2B8C6D7F005B0FCC /* yeonbaTests */ = {
			isa = PBXGroup;
			children = (
				C1C2A5FC2B8C6D7F005B0FCC /* yeonbaTests.swift */,
			);
			path = yeonbaTests;
			sourceTree = "<group>";
		};
		C1C2A6052B8C6D7F005B0FCC /* yeonbaUITests */ = {
			isa = PBXGroup;
			children = (
				C1C2A6062B8C6D7F005B0FCC /* yeonbaUITests.swift */,
				C1C2A6082B8C6D7F005B0FCC /* yeonbaUITestsLaunchTests.swift */,
			);
			path = yeonbaUITests;
			sourceTree = "<group>";
		};
/* End PBXGroup section */

/* Begin PBXNativeTarget section */
		C1C2A5E12B8C6D7E005B0FCC /* yeonba */ = {
			isa = PBXNativeTarget;
			buildConfigurationList = C1C2A60C2B8C6D7F005B0FCC /* Build configuration list for PBXNativeTarget "yeonba" */;
			buildPhases = (
				BC2BD3036B568913F1E9BA30 /* [CP] Check Pods Manifest.lock */,
				C1C2A5DE2B8C6D7E005B0FCC /* Sources */,
				C1C2A5DF2B8C6D7E005B0FCC /* Frameworks */,
				C1C2A5E02B8C6D7E005B0FCC /* Resources */,
				57AAAF5E7F4B4F0DB21FF081 /* [CP] Embed Pods Frameworks */,
			);
			buildRules = (
			);
			dependencies = (
			);
			name = yeonba;
			productName = yeonba;
			productReference = C1C2A5E22B8C6D7E005B0FCC /* yeonba.app */;
			productType = "com.apple.product-type.application";
		};
		C1C2A5F72B8C6D7F005B0FCC /* yeonbaTests */ = {
			isa = PBXNativeTarget;
			buildConfigurationList = C1C2A60F2B8C6D7F005B0FCC /* Build configuration list for PBXNativeTarget "yeonbaTests" */;
			buildPhases = (
				4A372F3DC1672D6950BF7209 /* [CP] Check Pods Manifest.lock */,
				C1C2A5F42B8C6D7F005B0FCC /* Sources */,
				C1C2A5F52B8C6D7F005B0FCC /* Frameworks */,
				C1C2A5F62B8C6D7F005B0FCC /* Resources */,
			);
			buildRules = (
			);
			dependencies = (
				C1C2A5FA2B8C6D7F005B0FCC /* PBXTargetDependency */,
			);
			name = yeonbaTests;
			productName = yeonbaTests;
			productReference = C1C2A5F82B8C6D7F005B0FCC /* yeonbaTests.xctest */;
			productType = "com.apple.product-type.bundle.unit-test";
		};
		C1C2A6012B8C6D7F005B0FCC /* yeonbaUITests */ = {
			isa = PBXNativeTarget;
			buildConfigurationList = C1C2A6122B8C6D7F005B0FCC /* Build configuration list for PBXNativeTarget "yeonbaUITests" */;
			buildPhases = (
				A4BFBB11828AEF3FC8D84923 /* [CP] Check Pods Manifest.lock */,
				C1C2A5FE2B8C6D7F005B0FCC /* Sources */,
				C1C2A5FF2B8C6D7F005B0FCC /* Frameworks */,
				C1C2A6002B8C6D7F005B0FCC /* Resources */,
				D8970BE88DDC8F274CF3DB9F /* [CP] Embed Pods Frameworks */,
			);
			buildRules = (
			);
			dependencies = (
				C1C2A6042B8C6D7F005B0FCC /* PBXTargetDependency */,
			);
			name = yeonbaUITests;
			productName = yeonbaUITests;
			productReference = C1C2A6022B8C6D7F005B0FCC /* yeonbaUITests.xctest */;
			productType = "com.apple.product-type.bundle.ui-testing";
		};
/* End PBXNativeTarget section */

/* Begin PBXProject section */
		C1C2A5DA2B8C6D7E005B0FCC /* Project object */ = {
			isa = PBXProject;
			attributes = {
				BuildIndependentTargetsInParallel = 1;
				LastSwiftUpdateCheck = 1510;
				LastUpgradeCheck = 1510;
				TargetAttributes = {
					C1C2A5E12B8C6D7E005B0FCC = {
						CreatedOnToolsVersion = 15.1;
					};
					C1C2A5F72B8C6D7F005B0FCC = {
						CreatedOnToolsVersion = 15.1;
						TestTargetID = C1C2A5E12B8C6D7E005B0FCC;
					};
					C1C2A6012B8C6D7F005B0FCC = {
						CreatedOnToolsVersion = 15.1;
						TestTargetID = C1C2A5E12B8C6D7E005B0FCC;
					};
				};
			};
			buildConfigurationList = C1C2A5DD2B8C6D7E005B0FCC /* Build configuration list for PBXProject "yeonba" */;
			compatibilityVersion = "Xcode 14.0";
			developmentRegion = en;
			hasScannedForEncodings = 0;
			knownRegions = (
				en,
				Base,
			);
			mainGroup = C1C2A5D92B8C6D7E005B0FCC;
			productRefGroup = C1C2A5E32B8C6D7E005B0FCC /* Products */;
			projectDirPath = "";
			projectRoot = "";
			targets = (
				C1C2A5E12B8C6D7E005B0FCC /* yeonba */,
				C1C2A5F72B8C6D7F005B0FCC /* yeonbaTests */,
				C1C2A6012B8C6D7F005B0FCC /* yeonbaUITests */,
			);
		};
/* End PBXProject section */

/* Begin PBXResourcesBuildPhase section */
		C1C2A5E02B8C6D7E005B0FCC /* Resources */ = {
			isa = PBXResourcesBuildPhase;
			buildActionMask = 2147483647;
			files = (
				C1C2A5F22B8C6D7F005B0FCC /* LaunchScreen.storyboard in Resources */,
				C1C2A5EF2B8C6D7F005B0FCC /* Assets.xcassets in Resources */,
			);
			runOnlyForDeploymentPostprocessing = 0;
		};
		C1C2A5F62B8C6D7F005B0FCC /* Resources */ = {
			isa = PBXResourcesBuildPhase;
			buildActionMask = 2147483647;
			files = (
			);
			runOnlyForDeploymentPostprocessing = 0;
		};
		C1C2A6002B8C6D7F005B0FCC /* Resources */ = {
			isa = PBXResourcesBuildPhase;
			buildActionMask = 2147483647;
			files = (
			);
			runOnlyForDeploymentPostprocessing = 0;
		};
/* End PBXResourcesBuildPhase section */

/* Begin PBXShellScriptBuildPhase section */
		4A372F3DC1672D6950BF7209 /* [CP] Check Pods Manifest.lock */ = {
			isa = PBXShellScriptBuildPhase;
			buildActionMask = 2147483647;
			files = (
			);
			inputFileListPaths = (
			);
			inputPaths = (
				"${PODS_PODFILE_DIR_PATH}/Podfile.lock",
				"${PODS_ROOT}/Manifest.lock",
			);
			name = "[CP] Check Pods Manifest.lock";
			outputFileListPaths = (
			);
			outputPaths = (
				"$(DERIVED_FILE_DIR)/Pods-yeonbaTests-checkManifestLockResult.txt",
			);
			runOnlyForDeploymentPostprocessing = 0;
			shellPath = /bin/sh;
			shellScript = "diff \"${PODS_PODFILE_DIR_PATH}/Podfile.lock\" \"${PODS_ROOT}/Manifest.lock\" > /dev/null\nif [ $? != 0 ] ; then\n    # print error to STDERR\n    echo \"error: The sandbox is not in sync with the Podfile.lock. Run 'pod install' or update your CocoaPods installation.\" >&2\n    exit 1\nfi\n# This output is used by Xcode 'outputs' to avoid re-running this script phase.\necho \"SUCCESS\" > \"${SCRIPT_OUTPUT_FILE_0}\"\n";
			showEnvVarsInLog = 0;
		};
		57AAAF5E7F4B4F0DB21FF081 /* [CP] Embed Pods Frameworks */ = {
			isa = PBXShellScriptBuildPhase;
			buildActionMask = 2147483647;
			files = (
			);
			inputFileListPaths = (
				"${PODS_ROOT}/Target Support Files/Pods-yeonba/Pods-yeonba-frameworks-${CONFIGURATION}-input-files.xcfilelist",
			);
			name = "[CP] Embed Pods Frameworks";
			outputFileListPaths = (
				"${PODS_ROOT}/Target Support Files/Pods-yeonba/Pods-yeonba-frameworks-${CONFIGURATION}-output-files.xcfilelist",
			);
			runOnlyForDeploymentPostprocessing = 0;
			shellPath = /bin/sh;
			shellScript = "\"${PODS_ROOT}/Target Support Files/Pods-yeonba/Pods-yeonba-frameworks.sh\"\n";
			showEnvVarsInLog = 0;
		};
		A4BFBB11828AEF3FC8D84923 /* [CP] Check Pods Manifest.lock */ = {
			isa = PBXShellScriptBuildPhase;
			buildActionMask = 2147483647;
			files = (
			);
			inputFileListPaths = (
			);
			inputPaths = (
				"${PODS_PODFILE_DIR_PATH}/Podfile.lock",
				"${PODS_ROOT}/Manifest.lock",
			);
			name = "[CP] Check Pods Manifest.lock";
			outputFileListPaths = (
			);
			outputPaths = (
				"$(DERIVED_FILE_DIR)/Pods-yeonba-yeonbaUITests-checkManifestLockResult.txt",
			);
			runOnlyForDeploymentPostprocessing = 0;
			shellPath = /bin/sh;
			shellScript = "diff \"${PODS_PODFILE_DIR_PATH}/Podfile.lock\" \"${PODS_ROOT}/Manifest.lock\" > /dev/null\nif [ $? != 0 ] ; then\n    # print error to STDERR\n    echo \"error: The sandbox is not in sync with the Podfile.lock. Run 'pod install' or update your CocoaPods installation.\" >&2\n    exit 1\nfi\n# This output is used by Xcode 'outputs' to avoid re-running this script phase.\necho \"SUCCESS\" > \"${SCRIPT_OUTPUT_FILE_0}\"\n";
			showEnvVarsInLog = 0;
		};
		BC2BD3036B568913F1E9BA30 /* [CP] Check Pods Manifest.lock */ = {
			isa = PBXShellScriptBuildPhase;
			buildActionMask = 2147483647;
			files = (
			);
			inputFileListPaths = (
			);
			inputPaths = (
				"${PODS_PODFILE_DIR_PATH}/Podfile.lock",
				"${PODS_ROOT}/Manifest.lock",
			);
			name = "[CP] Check Pods Manifest.lock";
			outputFileListPaths = (
			);
			outputPaths = (
				"$(DERIVED_FILE_DIR)/Pods-yeonba-checkManifestLockResult.txt",
			);
			runOnlyForDeploymentPostprocessing = 0;
			shellPath = /bin/sh;
			shellScript = "diff \"${PODS_PODFILE_DIR_PATH}/Podfile.lock\" \"${PODS_ROOT}/Manifest.lock\" > /dev/null\nif [ $? != 0 ] ; then\n    # print error to STDERR\n    echo \"error: The sandbox is not in sync with the Podfile.lock. Run 'pod install' or update your CocoaPods installation.\" >&2\n    exit 1\nfi\n# This output is used by Xcode 'outputs' to avoid re-running this script phase.\necho \"SUCCESS\" > \"${SCRIPT_OUTPUT_FILE_0}\"\n";
			showEnvVarsInLog = 0;
		};
		D8970BE88DDC8F274CF3DB9F /* [CP] Embed Pods Frameworks */ = {
			isa = PBXShellScriptBuildPhase;
			buildActionMask = 2147483647;
			files = (
			);
			inputFileListPaths = (
				"${PODS_ROOT}/Target Support Files/Pods-yeonba-yeonbaUITests/Pods-yeonba-yeonbaUITests-frameworks-${CONFIGURATION}-input-files.xcfilelist",
			);
			name = "[CP] Embed Pods Frameworks";
			outputFileListPaths = (
				"${PODS_ROOT}/Target Support Files/Pods-yeonba-yeonbaUITests/Pods-yeonba-yeonbaUITests-frameworks-${CONFIGURATION}-output-files.xcfilelist",
			);
			runOnlyForDeploymentPostprocessing = 0;
			shellPath = /bin/sh;
			shellScript = "\"${PODS_ROOT}/Target Support Files/Pods-yeonba-yeonbaUITests/Pods-yeonba-yeonbaUITests-frameworks.sh\"\n";
			showEnvVarsInLog = 0;
		};
/* End PBXShellScriptBuildPhase section */

/* Begin PBXSourcesBuildPhase section */
		C1C2A5DE2B8C6D7E005B0FCC /* Sources */ = {
			isa = PBXSourcesBuildPhase;
			buildActionMask = 2147483647;
			files = (
				C180EF7F2B905AF300673C29 /* SearchViewController.swift in Sources */,
				C180EF852B905B6400673C29 /* ChattingViewController.swift in Sources */,
				C180EF8C2B9064BF00673C29 /* tabbarController.swift in Sources */,
				C180EF892B905BB000673C29 /* SettingViewController.swift in Sources */,
				C1C2A5E62B8C6D7E005B0FCC /* AppDelegate.swift in Sources */,
				C1C2A5E82B8C6D7E005B0FCC /* SceneDelegate.swift in Sources */,
				C180EF7D2B905AD200673C29 /* HomeViewController.swift in Sources */,
				C180EF832B905B4A00673C29 /* CollectViewController.swift in Sources */,
			);
			runOnlyForDeploymentPostprocessing = 0;
		};
		C1C2A5F42B8C6D7F005B0FCC /* Sources */ = {
			isa = PBXSourcesBuildPhase;
			buildActionMask = 2147483647;
			files = (
				C1C2A5FD2B8C6D7F005B0FCC /* yeonbaTests.swift in Sources */,
			);
			runOnlyForDeploymentPostprocessing = 0;
		};
		C1C2A5FE2B8C6D7F005B0FCC /* Sources */ = {
			isa = PBXSourcesBuildPhase;
			buildActionMask = 2147483647;
			files = (
				C1C2A6092B8C6D7F005B0FCC /* yeonbaUITestsLaunchTests.swift in Sources */,
				C1C2A6072B8C6D7F005B0FCC /* yeonbaUITests.swift in Sources */,
			);
			runOnlyForDeploymentPostprocessing = 0;
		};
/* End PBXSourcesBuildPhase section */

/* Begin PBXTargetDependency section */
		C1C2A5FA2B8C6D7F005B0FCC /* PBXTargetDependency */ = {
			isa = PBXTargetDependency;
			target = C1C2A5E12B8C6D7E005B0FCC /* yeonba */;
			targetProxy = C1C2A5F92B8C6D7F005B0FCC /* PBXContainerItemProxy */;
		};
		C1C2A6042B8C6D7F005B0FCC /* PBXTargetDependency */ = {
			isa = PBXTargetDependency;
			target = C1C2A5E12B8C6D7E005B0FCC /* yeonba */;
			targetProxy = C1C2A6032B8C6D7F005B0FCC /* PBXContainerItemProxy */;
		};
/* End PBXTargetDependency section */

/* Begin PBXVariantGroup section */
		C1C2A5F02B8C6D7F005B0FCC /* LaunchScreen.storyboard */ = {
			isa = PBXVariantGroup;
			children = (
				C1C2A5F12B8C6D7F005B0FCC /* Base */,
			);
			name = LaunchScreen.storyboard;
			sourceTree = "<group>";
		};
/* End PBXVariantGroup section */

/* Begin XCBuildConfiguration section */
		C1C2A60A2B8C6D7F005B0FCC /* Debug */ = {
			isa = XCBuildConfiguration;
			buildSettings = {
				ALWAYS_SEARCH_USER_PATHS = NO;
				ASSETCATALOG_COMPILER_GENERATE_SWIFT_ASSET_SYMBOL_EXTENSIONS = YES;
				CLANG_ANALYZER_NONNULL = YES;
				CLANG_ANALYZER_NUMBER_OBJECT_CONVERSION = YES_AGGRESSIVE;
				CLANG_CXX_LANGUAGE_STANDARD = "gnu++20";
				CLANG_ENABLE_MODULES = YES;
				CLANG_ENABLE_OBJC_ARC = YES;
				CLANG_ENABLE_OBJC_WEAK = YES;
				CLANG_WARN_BLOCK_CAPTURE_AUTORELEASING = YES;
				CLANG_WARN_BOOL_CONVERSION = YES;
				CLANG_WARN_COMMA = YES;
				CLANG_WARN_CONSTANT_CONVERSION = YES;
				CLANG_WARN_DEPRECATED_OBJC_IMPLEMENTATIONS = YES;
				CLANG_WARN_DIRECT_OBJC_ISA_USAGE = YES_ERROR;
				CLANG_WARN_DOCUMENTATION_COMMENTS = YES;
				CLANG_WARN_EMPTY_BODY = YES;
				CLANG_WARN_ENUM_CONVERSION = YES;
				CLANG_WARN_INFINITE_RECURSION = YES;
				CLANG_WARN_INT_CONVERSION = YES;
				CLANG_WARN_NON_LITERAL_NULL_CONVERSION = YES;
				CLANG_WARN_OBJC_IMPLICIT_RETAIN_SELF = YES;
				CLANG_WARN_OBJC_LITERAL_CONVERSION = YES;
				CLANG_WARN_OBJC_ROOT_CLASS = YES_ERROR;
				CLANG_WARN_QUOTED_INCLUDE_IN_FRAMEWORK_HEADER = YES;
				CLANG_WARN_RANGE_LOOP_ANALYSIS = YES;
				CLANG_WARN_STRICT_PROTOTYPES = YES;
				CLANG_WARN_SUSPICIOUS_MOVE = YES;
				CLANG_WARN_UNGUARDED_AVAILABILITY = YES_AGGRESSIVE;
				CLANG_WARN_UNREACHABLE_CODE = YES;
				CLANG_WARN__DUPLICATE_METHOD_MATCH = YES;
				COPY_PHASE_STRIP = NO;
				DEBUG_INFORMATION_FORMAT = dwarf;
				ENABLE_STRICT_OBJC_MSGSEND = YES;
				ENABLE_TESTABILITY = YES;
				ENABLE_USER_SCRIPT_SANDBOXING = NO;
				GCC_C_LANGUAGE_STANDARD = gnu17;
				GCC_DYNAMIC_NO_PIC = NO;
				GCC_NO_COMMON_BLOCKS = YES;
				GCC_OPTIMIZATION_LEVEL = 0;
				GCC_PREPROCESSOR_DEFINITIONS = (
					"DEBUG=1",
					"$(inherited)",
				);
				GCC_WARN_64_TO_32_BIT_CONVERSION = YES;
				GCC_WARN_ABOUT_RETURN_TYPE = YES_ERROR;
				GCC_WARN_UNDECLARED_SELECTOR = YES;
				GCC_WARN_UNINITIALIZED_AUTOS = YES_AGGRESSIVE;
				GCC_WARN_UNUSED_FUNCTION = YES;
				GCC_WARN_UNUSED_VARIABLE = YES;
				IPHONEOS_DEPLOYMENT_TARGET = 17.2;
				LOCALIZATION_PREFERS_STRING_CATALOGS = YES;
				MTL_ENABLE_DEBUG_INFO = INCLUDE_SOURCE;
				MTL_FAST_MATH = YES;
				ONLY_ACTIVE_ARCH = YES;
				SDKROOT = iphoneos;
				SWIFT_ACTIVE_COMPILATION_CONDITIONS = "DEBUG $(inherited)";
				SWIFT_OPTIMIZATION_LEVEL = "-Onone";
			};
			name = Debug;
		};
		C1C2A60B2B8C6D7F005B0FCC /* Release */ = {
			isa = XCBuildConfiguration;
			buildSettings = {
				ALWAYS_SEARCH_USER_PATHS = NO;
				ASSETCATALOG_COMPILER_GENERATE_SWIFT_ASSET_SYMBOL_EXTENSIONS = YES;
				CLANG_ANALYZER_NONNULL = YES;
				CLANG_ANALYZER_NUMBER_OBJECT_CONVERSION = YES_AGGRESSIVE;
				CLANG_CXX_LANGUAGE_STANDARD = "gnu++20";
				CLANG_ENABLE_MODULES = YES;
				CLANG_ENABLE_OBJC_ARC = YES;
				CLANG_ENABLE_OBJC_WEAK = YES;
				CLANG_WARN_BLOCK_CAPTURE_AUTORELEASING = YES;
				CLANG_WARN_BOOL_CONVERSION = YES;
				CLANG_WARN_COMMA = YES;
				CLANG_WARN_CONSTANT_CONVERSION = YES;
				CLANG_WARN_DEPRECATED_OBJC_IMPLEMENTATIONS = YES;
				CLANG_WARN_DIRECT_OBJC_ISA_USAGE = YES_ERROR;
				CLANG_WARN_DOCUMENTATION_COMMENTS = YES;
				CLANG_WARN_EMPTY_BODY = YES;
				CLANG_WARN_ENUM_CONVERSION = YES;
				CLANG_WARN_INFINITE_RECURSION = YES;
				CLANG_WARN_INT_CONVERSION = YES;
				CLANG_WARN_NON_LITERAL_NULL_CONVERSION = YES;
				CLANG_WARN_OBJC_IMPLICIT_RETAIN_SELF = YES;
				CLANG_WARN_OBJC_LITERAL_CONVERSION = YES;
				CLANG_WARN_OBJC_ROOT_CLASS = YES_ERROR;
				CLANG_WARN_QUOTED_INCLUDE_IN_FRAMEWORK_HEADER = YES;
				CLANG_WARN_RANGE_LOOP_ANALYSIS = YES;
				CLANG_WARN_STRICT_PROTOTYPES = YES;
				CLANG_WARN_SUSPICIOUS_MOVE = YES;
				CLANG_WARN_UNGUARDED_AVAILABILITY = YES_AGGRESSIVE;
				CLANG_WARN_UNREACHABLE_CODE = YES;
				CLANG_WARN__DUPLICATE_METHOD_MATCH = YES;
				COPY_PHASE_STRIP = NO;
				DEBUG_INFORMATION_FORMAT = "dwarf-with-dsym";
				ENABLE_NS_ASSERTIONS = NO;
				ENABLE_STRICT_OBJC_MSGSEND = YES;
				ENABLE_USER_SCRIPT_SANDBOXING = NO;
				GCC_C_LANGUAGE_STANDARD = gnu17;
				GCC_NO_COMMON_BLOCKS = YES;
				GCC_WARN_64_TO_32_BIT_CONVERSION = YES;
				GCC_WARN_ABOUT_RETURN_TYPE = YES_ERROR;
				GCC_WARN_UNDECLARED_SELECTOR = YES;
				GCC_WARN_UNINITIALIZED_AUTOS = YES_AGGRESSIVE;
				GCC_WARN_UNUSED_FUNCTION = YES;
				GCC_WARN_UNUSED_VARIABLE = YES;
				IPHONEOS_DEPLOYMENT_TARGET = 17.2;
				LOCALIZATION_PREFERS_STRING_CATALOGS = YES;
				MTL_ENABLE_DEBUG_INFO = NO;
				MTL_FAST_MATH = YES;
				SDKROOT = iphoneos;
				SWIFT_COMPILATION_MODE = wholemodule;
				VALIDATE_PRODUCT = YES;
			};
			name = Release;
		};
		C1C2A60D2B8C6D7F005B0FCC /* Debug */ = {
			isa = XCBuildConfiguration;
			baseConfigurationReference = 978FFE13F4813B455B3EDE49 /* Pods-yeonba.debug.xcconfig */;
			buildSettings = {
				ASSETCATALOG_COMPILER_APPICON_NAME = AppIcon;
				ASSETCATALOG_COMPILER_GLOBAL_ACCENT_COLOR_NAME = AccentColor;
				CODE_SIGN_STYLE = Automatic;
				CURRENT_PROJECT_VERSION = 1;
				DEVELOPMENT_TEAM = QABS9B7G22;
				GENERATE_INFOPLIST_FILE = YES;
				INFOPLIST_FILE = yeonba/Info.plist;
				INFOPLIST_KEY_UIApplicationSupportsIndirectInputEvents = YES;
				INFOPLIST_KEY_UILaunchStoryboardName = LaunchScreen;
				INFOPLIST_KEY_UISupportedInterfaceOrientations_iPad = "UIInterfaceOrientationPortrait UIInterfaceOrientationPortraitUpsideDown UIInterfaceOrientationLandscapeLeft UIInterfaceOrientationLandscapeRight";
				INFOPLIST_KEY_UISupportedInterfaceOrientations_iPhone = "UIInterfaceOrientationPortrait UIInterfaceOrientationLandscapeLeft UIInterfaceOrientationLandscapeRight";
				LD_RUNPATH_SEARCH_PATHS = (
					"$(inherited)",
					"@executable_path/Frameworks",
				);
				MARKETING_VERSION = 1.0;
				PRODUCT_BUNDLE_IDENTIFIER = company.yeonba;
				PRODUCT_NAME = "$(TARGET_NAME)";
				SWIFT_EMIT_LOC_STRINGS = YES;
				SWIFT_VERSION = 5.0;
				TARGETED_DEVICE_FAMILY = "1,2";
			};
			name = Debug;
		};
		C1C2A60E2B8C6D7F005B0FCC /* Release */ = {
			isa = XCBuildConfiguration;
			baseConfigurationReference = 3DF7E8471E631874F1C73097 /* Pods-yeonba.release.xcconfig */;
			buildSettings = {
				ASSETCATALOG_COMPILER_APPICON_NAME = AppIcon;
				ASSETCATALOG_COMPILER_GLOBAL_ACCENT_COLOR_NAME = AccentColor;
				CODE_SIGN_STYLE = Automatic;
				CURRENT_PROJECT_VERSION = 1;
				DEVELOPMENT_TEAM = QABS9B7G22;
				GENERATE_INFOPLIST_FILE = YES;
				INFOPLIST_FILE = yeonba/Info.plist;
				INFOPLIST_KEY_UIApplicationSupportsIndirectInputEvents = YES;
				INFOPLIST_KEY_UILaunchStoryboardName = LaunchScreen;
				INFOPLIST_KEY_UISupportedInterfaceOrientations_iPad = "UIInterfaceOrientationPortrait UIInterfaceOrientationPortraitUpsideDown UIInterfaceOrientationLandscapeLeft UIInterfaceOrientationLandscapeRight";
				INFOPLIST_KEY_UISupportedInterfaceOrientations_iPhone = "UIInterfaceOrientationPortrait UIInterfaceOrientationLandscapeLeft UIInterfaceOrientationLandscapeRight";
				LD_RUNPATH_SEARCH_PATHS = (
					"$(inherited)",
					"@executable_path/Frameworks",
				);
				MARKETING_VERSION = 1.0;
				PRODUCT_BUNDLE_IDENTIFIER = company.yeonba;
				PRODUCT_NAME = "$(TARGET_NAME)";
				SWIFT_EMIT_LOC_STRINGS = YES;
				SWIFT_VERSION = 5.0;
				TARGETED_DEVICE_FAMILY = "1,2";
			};
			name = Release;
		};
		C1C2A6102B8C6D7F005B0FCC /* Debug */ = {
			isa = XCBuildConfiguration;
			baseConfigurationReference = 89D0A6422FE697656CC576F3 /* Pods-yeonbaTests.debug.xcconfig */;
			buildSettings = {
				ALWAYS_EMBED_SWIFT_STANDARD_LIBRARIES = YES;
				BUNDLE_LOADER = "$(TEST_HOST)";
				CODE_SIGN_STYLE = Automatic;
				CURRENT_PROJECT_VERSION = 1;
				DEVELOPMENT_TEAM = QABS9B7G22;
				GENERATE_INFOPLIST_FILE = YES;
				IPHONEOS_DEPLOYMENT_TARGET = 17.2;
				MARKETING_VERSION = 1.0;
				PRODUCT_BUNDLE_IDENTIFIER = company.yeonbaTests;
				PRODUCT_NAME = "$(TARGET_NAME)";
				SWIFT_EMIT_LOC_STRINGS = NO;
				SWIFT_VERSION = 5.0;
				TARGETED_DEVICE_FAMILY = "1,2";
				TEST_HOST = "$(BUILT_PRODUCTS_DIR)/yeonba.app/$(BUNDLE_EXECUTABLE_FOLDER_PATH)/yeonba";
			};
			name = Debug;
		};
		C1C2A6112B8C6D7F005B0FCC /* Release */ = {
			isa = XCBuildConfiguration;
			baseConfigurationReference = EA086D9AEF48419B7C4DD337 /* Pods-yeonbaTests.release.xcconfig */;
			buildSettings = {
				ALWAYS_EMBED_SWIFT_STANDARD_LIBRARIES = YES;
				BUNDLE_LOADER = "$(TEST_HOST)";
				CODE_SIGN_STYLE = Automatic;
				CURRENT_PROJECT_VERSION = 1;
				DEVELOPMENT_TEAM = QABS9B7G22;
				GENERATE_INFOPLIST_FILE = YES;
				IPHONEOS_DEPLOYMENT_TARGET = 17.2;
				MARKETING_VERSION = 1.0;
				PRODUCT_BUNDLE_IDENTIFIER = company.yeonbaTests;
				PRODUCT_NAME = "$(TARGET_NAME)";
				SWIFT_EMIT_LOC_STRINGS = NO;
				SWIFT_VERSION = 5.0;
				TARGETED_DEVICE_FAMILY = "1,2";
				TEST_HOST = "$(BUILT_PRODUCTS_DIR)/yeonba.app/$(BUNDLE_EXECUTABLE_FOLDER_PATH)/yeonba";
			};
			name = Release;
		};
		C1C2A6132B8C6D7F005B0FCC /* Debug */ = {
			isa = XCBuildConfiguration;
			baseConfigurationReference = 2E16C548600C3D3F172F975E /* Pods-yeonba-yeonbaUITests.debug.xcconfig */;
			buildSettings = {
				ALWAYS_EMBED_SWIFT_STANDARD_LIBRARIES = YES;
				CODE_SIGN_STYLE = Automatic;
				CURRENT_PROJECT_VERSION = 1;
				DEVELOPMENT_TEAM = QABS9B7G22;
				GENERATE_INFOPLIST_FILE = YES;
				MARKETING_VERSION = 1.0;
				PRODUCT_BUNDLE_IDENTIFIER = company.yeonbaUITests;
				PRODUCT_NAME = "$(TARGET_NAME)";
				SWIFT_EMIT_LOC_STRINGS = NO;
				SWIFT_VERSION = 5.0;
				TARGETED_DEVICE_FAMILY = "1,2";
				TEST_TARGET_NAME = yeonba;
			};
			name = Debug;
		};
		C1C2A6142B8C6D7F005B0FCC /* Release */ = {
			isa = XCBuildConfiguration;
			baseConfigurationReference = EA60A48507B6957DA77315FA /* Pods-yeonba-yeonbaUITests.release.xcconfig */;
			buildSettings = {
				ALWAYS_EMBED_SWIFT_STANDARD_LIBRARIES = YES;
				CODE_SIGN_STYLE = Automatic;
				CURRENT_PROJECT_VERSION = 1;
				DEVELOPMENT_TEAM = QABS9B7G22;
				GENERATE_INFOPLIST_FILE = YES;
				MARKETING_VERSION = 1.0;
				PRODUCT_BUNDLE_IDENTIFIER = company.yeonbaUITests;
				PRODUCT_NAME = "$(TARGET_NAME)";
				SWIFT_EMIT_LOC_STRINGS = NO;
				SWIFT_VERSION = 5.0;
				TARGETED_DEVICE_FAMILY = "1,2";
				TEST_TARGET_NAME = yeonba;
			};
			name = Release;
		};
/* End XCBuildConfiguration section */

/* Begin XCConfigurationList section */
		C1C2A5DD2B8C6D7E005B0FCC /* Build configuration list for PBXProject "yeonba" */ = {
			isa = XCConfigurationList;
			buildConfigurations = (
				C1C2A60A2B8C6D7F005B0FCC /* Debug */,
				C1C2A60B2B8C6D7F005B0FCC /* Release */,
			);
			defaultConfigurationIsVisible = 0;
			defaultConfigurationName = Release;
		};
		C1C2A60C2B8C6D7F005B0FCC /* Build configuration list for PBXNativeTarget "yeonba" */ = {
			isa = XCConfigurationList;
			buildConfigurations = (
				C1C2A60D2B8C6D7F005B0FCC /* Debug */,
				C1C2A60E2B8C6D7F005B0FCC /* Release */,
			);
			defaultConfigurationIsVisible = 0;
			defaultConfigurationName = Release;
		};
		C1C2A60F2B8C6D7F005B0FCC /* Build configuration list for PBXNativeTarget "yeonbaTests" */ = {
			isa = XCConfigurationList;
			buildConfigurations = (
				C1C2A6102B8C6D7F005B0FCC /* Debug */,
				C1C2A6112B8C6D7F005B0FCC /* Release */,
			);
			defaultConfigurationIsVisible = 0;
			defaultConfigurationName = Release;
		};
		C1C2A6122B8C6D7F005B0FCC /* Build configuration list for PBXNativeTarget "yeonbaUITests" */ = {
			isa = XCConfigurationList;
			buildConfigurations = (
				C1C2A6132B8C6D7F005B0FCC /* Debug */,
				C1C2A6142B8C6D7F005B0FCC /* Release */,
			);
			defaultConfigurationIsVisible = 0;
			defaultConfigurationName = Release;
		};
/* End XCConfigurationList section */
	};
	rootObject = C1C2A5DA2B8C6D7E005B0FCC /* Project object */;
}
