// !$*UTF8*$!
{
	archiveVersion = 1;
	classes = {
	};
	objectVersion = 56;
	objects = {

/* Begin PBXBuildFile section */
		34B37BAFEBEFCEE711013DFA /* Pods_YeonBa.framework in Frameworks */ = {isa = PBXBuildFile; fileRef = 87F8400511F4316517C02537 /* Pods_YeonBa.framework */; };
		580AAD2C2BA9375200672050 /* LocationModalViewController.swift in Sources */ = {isa = PBXBuildFile; fileRef = 580AAD2B2BA9375200672050 /* LocationModalViewController.swift */; };
		584DCF262B9CBA6C0081149F /* PlusCupidViewController.swift in Sources */ = {isa = PBXBuildFile; fileRef = 584DCF252B9CBA6C0081149F /* PlusCupidViewController.swift */; };
		584DCF2B2B9D55830081149F /* SendCupidViewController.swift in Sources */ = {isa = PBXBuildFile; fileRef = 584DCF2A2B9D55830081149F /* SendCupidViewController.swift */; };
		584DCF2D2B9D55960081149F /* FavoriteCupidViewController.swift in Sources */ = {isa = PBXBuildFile; fileRef = 584DCF2C2B9D55960081149F /* FavoriteCupidViewController.swift */; };
		584DCF2F2B9D55A60081149F /* RecieveCupidViewController.swift in Sources */ = {isa = PBXBuildFile; fileRef = 584DCF2E2B9D55A60081149F /* RecieveCupidViewController.swift */; };
		584DCF722B9FF1040081149F /* SendCupidCollectionViewCell.swift in Sources */ = {isa = PBXBuildFile; fileRef = 584DCF712B9FF1040081149F /* SendCupidCollectionViewCell.swift */; };
		584DCF752BA003C70081149F /* FavoriteCollectionViewCell.swift in Sources */ = {isa = PBXBuildFile; fileRef = 584DCF742BA003C70081149F /* FavoriteCollectionViewCell.swift */; };
		584DCF7C2BA1A5880081149F /* JKSlider.swift in Sources */ = {isa = PBXBuildFile; fileRef = 584DCF7B2BA1A5880081149F /* JKSlider.swift */; };
		589DF3262B9073BB003F03C5 /* HomeViewController.swift in Sources */ = {isa = PBXBuildFile; fileRef = 589DF3252B9073BB003F03C5 /* HomeViewController.swift */; };
		589DF3292B90747B003F03C5 /* SearchViewController.swift in Sources */ = {isa = PBXBuildFile; fileRef = 589DF3282B90747B003F03C5 /* SearchViewController.swift */; };
		589DF32B2B9074B0003F03C5 /* tabBarController.swift in Sources */ = {isa = PBXBuildFile; fileRef = 589DF32A2B9074B0003F03C5 /* tabBarController.swift */; };
		589DF32F2B9074E7003F03C5 /* CollectViewController.swift in Sources */ = {isa = PBXBuildFile; fileRef = 589DF32E2B9074E7003F03C5 /* CollectViewController.swift */; };
		589DF3322B90750D003F03C5 /* ChattingViewController.swift in Sources */ = {isa = PBXBuildFile; fileRef = 589DF3312B90750D003F03C5 /* ChattingViewController.swift */; };
		589DF3352B907528003F03C5 /* SettingViewController.swift in Sources */ = {isa = PBXBuildFile; fileRef = 589DF3342B907528003F03C5 /* SettingViewController.swift */; };
		589DF3372B9225D5003F03C5 /* UIColor + Extension.swift in Sources */ = {isa = PBXBuildFile; fileRef = 589DF3362B9225D5003F03C5 /* UIColor + Extension.swift */; };
		589DF3772B95ED86003F03C5 /* Pretendard-SemiBold.otf in Resources */ = {isa = PBXBuildFile; fileRef = 589DF3762B95ED86003F03C5 /* Pretendard-SemiBold.otf */; };
		589DF37B2B96052A003F03C5 /* Pretendard-Regular.otf in Resources */ = {isa = PBXBuildFile; fileRef = 589DF37A2B96052A003F03C5 /* Pretendard-Regular.otf */; };
		58BB85CF2BB3ABFB00F90050 /* OtherProfileCollectionViewCell.swift in Sources */ = {isa = PBXBuildFile; fileRef = 58BB85CE2BB3ABFB00F90050 /* OtherProfileCollectionViewCell.swift */; };
		58BB85D12BB3AC4100F90050 /* OtherProfileViewController.swift in Sources */ = {isa = PBXBuildFile; fileRef = 58BB85D02BB3AC4100F90050 /* OtherProfileViewController.swift */; };
		58BB85D52BB3B02900F90050 /* OtherProfile.swift in Sources */ = {isa = PBXBuildFile; fileRef = 58BB85D42BB3B02900F90050 /* OtherProfile.swift */; };
		58BB85D92BB3E55B00F90050 /* RecommendTableViewCell.swift in Sources */ = {isa = PBXBuildFile; fileRef = 58BB85D82BB3E55B00F90050 /* RecommendTableViewCell.swift */; };
		58BB85DB2BB4230B00F90050 /* HomeCollectionViewCell.swift in Sources */ = {isa = PBXBuildFile; fileRef = 58BB85DA2BB4230B00F90050 /* HomeCollectionViewCell.swift */; };
		58BB85DD2BB445FE00F90050 /* PreferenceCollectionViewCell.swift in Sources */ = {isa = PBXBuildFile; fileRef = 58BB85DC2BB445FE00F90050 /* PreferenceCollectionViewCell.swift */; };
		58BB861B2BB543CA00F90050 /* ModeSelectPresentationController.swift in Sources */ = {isa = PBXBuildFile; fileRef = 58BB861A2BB543CA00F90050 /* ModeSelectPresentationController.swift */; };
		58BB861D2BB5440A00F90050 /* ModalSelectCell.swift in Sources */ = {isa = PBXBuildFile; fileRef = 58BB861C2BB5440A00F90050 /* ModalSelectCell.swift */; };
		58BB861F2BB544A500F90050 /* ModeSelectViewController.swift in Sources */ = {isa = PBXBuildFile; fileRef = 58BB861E2BB544A500F90050 /* ModeSelectViewController.swift */; };
		58BB86212BB544E300F90050 /* ModeSelectTransitioningDelegate.swift in Sources */ = {isa = PBXBuildFile; fileRef = 58BB86202BB544E300F90050 /* ModeSelectTransitioningDelegate.swift */; };
		58BB86242BB54DCB00F90050 /* DeclarLabel.swift in Sources */ = {isa = PBXBuildFile; fileRef = 58BB86232BB54DCB00F90050 /* DeclarLabel.swift */; };
		58BB86272BB5512400F90050 /* DeclareMode.swift in Sources */ = {isa = PBXBuildFile; fileRef = 58BB86262BB5512400F90050 /* DeclareMode.swift */; };
		58D15E932B90585700EB74E9 /* AppDelegate.swift in Sources */ = {isa = PBXBuildFile; fileRef = 58D15E922B90585700EB74E9 /* AppDelegate.swift */; };
		58D15E952B90585700EB74E9 /* SceneDelegate.swift in Sources */ = {isa = PBXBuildFile; fileRef = 58D15E942B90585700EB74E9 /* SceneDelegate.swift */; };
		58D15E9C2B90585A00EB74E9 /* Assets.xcassets in Resources */ = {isa = PBXBuildFile; fileRef = 58D15E9B2B90585A00EB74E9 /* Assets.xcassets */; };
		58D15E9F2B90585A00EB74E9 /* LaunchScreen.storyboard in Resources */ = {isa = PBXBuildFile; fileRef = 58D15E9D2B90585A00EB74E9 /* LaunchScreen.storyboard */; };
		58D15EAA2B90585B00EB74E9 /* YeonBaTests.swift in Sources */ = {isa = PBXBuildFile; fileRef = 58D15EA92B90585B00EB74E9 /* YeonBaTests.swift */; };
		58D15EB42B90585B00EB74E9 /* YeonBaUITests.swift in Sources */ = {isa = PBXBuildFile; fileRef = 58D15EB32B90585B00EB74E9 /* YeonBaUITests.swift */; };
		58D15EB62B90585B00EB74E9 /* YeonBaUITestsLaunchTests.swift in Sources */ = {isa = PBXBuildFile; fileRef = 58D15EB52B90585B00EB74E9 /* YeonBaUITestsLaunchTests.swift */; };
		58D71EF02B977C4A00BC3A56 /* ActualGradientButton.swift in Sources */ = {isa = PBXBuildFile; fileRef = 58D71EEF2B977C4A00BC3A56 /* ActualGradientButton.swift */; };
		AE08BCB7921A78D8873988DB /* Pods_YeonBaTests.framework in Frameworks */ = {isa = PBXBuildFile; fileRef = FCB0D6DFD47FC7C37EDEDE5B /* Pods_YeonBaTests.framework */; };
		EC04885BC3CF8A306DD1E71F /* Pods_YeonBa_YeonBaUITests.framework in Frameworks */ = {isa = PBXBuildFile; fileRef = AC88E1F657E0C527CC571335 /* Pods_YeonBa_YeonBaUITests.framework */; };
/* End PBXBuildFile section */

/* Begin PBXContainerItemProxy section */
		58D15EA62B90585B00EB74E9 /* PBXContainerItemProxy */ = {
			isa = PBXContainerItemProxy;
			containerPortal = 58D15E872B90585700EB74E9 /* Project object */;
			proxyType = 1;
			remoteGlobalIDString = 58D15E8E2B90585700EB74E9;
			remoteInfo = YeonBa;
		};
		58D15EB02B90585B00EB74E9 /* PBXContainerItemProxy */ = {
			isa = PBXContainerItemProxy;
			containerPortal = 58D15E872B90585700EB74E9 /* Project object */;
			proxyType = 1;
			remoteGlobalIDString = 58D15E8E2B90585700EB74E9;
			remoteInfo = YeonBa;
		};
/* End PBXContainerItemProxy section */

/* Begin PBXFileReference section */
		135D41D6288D154A8F7BD06C /* Pods-YeonBa.debug.xcconfig */ = {isa = PBXFileReference; includeInIndex = 1; lastKnownFileType = text.xcconfig; name = "Pods-YeonBa.debug.xcconfig"; path = "Target Support Files/Pods-YeonBa/Pods-YeonBa.debug.xcconfig"; sourceTree = "<group>"; };
		1C61A7472D3DC9F43DD3F8AE /* Pods-YeonBaTests.release.xcconfig */ = {isa = PBXFileReference; includeInIndex = 1; lastKnownFileType = text.xcconfig; name = "Pods-YeonBaTests.release.xcconfig"; path = "Target Support Files/Pods-YeonBaTests/Pods-YeonBaTests.release.xcconfig"; sourceTree = "<group>"; };
		467FFFB042D2F5079A139D08 /* Pods-YeonBa-YeonBaUITests.release.xcconfig */ = {isa = PBXFileReference; includeInIndex = 1; lastKnownFileType = text.xcconfig; name = "Pods-YeonBa-YeonBaUITests.release.xcconfig"; path = "Target Support Files/Pods-YeonBa-YeonBaUITests/Pods-YeonBa-YeonBaUITests.release.xcconfig"; sourceTree = "<group>"; };
		580AAD2B2BA9375200672050 /* LocationModalViewController.swift */ = {isa = PBXFileReference; lastKnownFileType = sourcecode.swift; path = LocationModalViewController.swift; sourceTree = "<group>"; };
		584DCF252B9CBA6C0081149F /* PlusCupidViewController.swift */ = {isa = PBXFileReference; lastKnownFileType = sourcecode.swift; path = PlusCupidViewController.swift; sourceTree = "<group>"; };
		584DCF2A2B9D55830081149F /* SendCupidViewController.swift */ = {isa = PBXFileReference; lastKnownFileType = sourcecode.swift; path = SendCupidViewController.swift; sourceTree = "<group>"; };
		584DCF2C2B9D55960081149F /* FavoriteCupidViewController.swift */ = {isa = PBXFileReference; lastKnownFileType = sourcecode.swift; path = FavoriteCupidViewController.swift; sourceTree = "<group>"; };
		584DCF2E2B9D55A60081149F /* RecieveCupidViewController.swift */ = {isa = PBXFileReference; lastKnownFileType = sourcecode.swift; path = RecieveCupidViewController.swift; sourceTree = "<group>"; };
		584DCF712B9FF1040081149F /* SendCupidCollectionViewCell.swift */ = {isa = PBXFileReference; lastKnownFileType = sourcecode.swift; path = SendCupidCollectionViewCell.swift; sourceTree = "<group>"; };
		584DCF742BA003C70081149F /* FavoriteCollectionViewCell.swift */ = {isa = PBXFileReference; lastKnownFileType = sourcecode.swift; path = FavoriteCollectionViewCell.swift; sourceTree = "<group>"; };
		584DCF792BA07A780081149F /* Pretendard-Medium.otf */ = {isa = PBXFileReference; lastKnownFileType = file; path = "Pretendard-Medium.otf"; sourceTree = "<group>"; };
		584DCF7B2BA1A5880081149F /* JKSlider.swift */ = {isa = PBXFileReference; lastKnownFileType = sourcecode.swift; path = JKSlider.swift; sourceTree = "<group>"; };
		589DF3252B9073BB003F03C5 /* HomeViewController.swift */ = {isa = PBXFileReference; lastKnownFileType = sourcecode.swift; path = HomeViewController.swift; sourceTree = "<group>"; };
		589DF3282B90747B003F03C5 /* SearchViewController.swift */ = {isa = PBXFileReference; lastKnownFileType = sourcecode.swift; path = SearchViewController.swift; sourceTree = "<group>"; };
		589DF32A2B9074B0003F03C5 /* tabBarController.swift */ = {isa = PBXFileReference; lastKnownFileType = sourcecode.swift; path = tabBarController.swift; sourceTree = "<group>"; };
		589DF32E2B9074E7003F03C5 /* CollectViewController.swift */ = {isa = PBXFileReference; lastKnownFileType = sourcecode.swift; path = CollectViewController.swift; sourceTree = "<group>"; };
		589DF3312B90750D003F03C5 /* ChattingViewController.swift */ = {isa = PBXFileReference; lastKnownFileType = sourcecode.swift; path = ChattingViewController.swift; sourceTree = "<group>"; };
		589DF3342B907528003F03C5 /* SettingViewController.swift */ = {isa = PBXFileReference; lastKnownFileType = sourcecode.swift; path = SettingViewController.swift; sourceTree = "<group>"; };
		589DF3362B9225D5003F03C5 /* UIColor + Extension.swift */ = {isa = PBXFileReference; lastKnownFileType = sourcecode.swift; path = "UIColor + Extension.swift"; sourceTree = "<group>"; };
		589DF3762B95ED86003F03C5 /* Pretendard-SemiBold.otf */ = {isa = PBXFileReference; lastKnownFileType = file; path = "Pretendard-SemiBold.otf"; sourceTree = "<group>"; };
		589DF37A2B96052A003F03C5 /* Pretendard-Regular.otf */ = {isa = PBXFileReference; lastKnownFileType = file; path = "Pretendard-Regular.otf"; sourceTree = "<group>"; };
		58BB85CE2BB3ABFB00F90050 /* OtherProfileCollectionViewCell.swift */ = {isa = PBXFileReference; lastKnownFileType = sourcecode.swift; path = OtherProfileCollectionViewCell.swift; sourceTree = "<group>"; };
		58BB85D02BB3AC4100F90050 /* OtherProfileViewController.swift */ = {isa = PBXFileReference; lastKnownFileType = sourcecode.swift; path = OtherProfileViewController.swift; sourceTree = "<group>"; };
		58BB85D42BB3B02900F90050 /* OtherProfile.swift */ = {isa = PBXFileReference; lastKnownFileType = sourcecode.swift; path = OtherProfile.swift; sourceTree = "<group>"; };
		58BB85D82BB3E55B00F90050 /* RecommendTableViewCell.swift */ = {isa = PBXFileReference; lastKnownFileType = sourcecode.swift; path = RecommendTableViewCell.swift; sourceTree = "<group>"; };
		58BB85DA2BB4230B00F90050 /* HomeCollectionViewCell.swift */ = {isa = PBXFileReference; lastKnownFileType = sourcecode.swift; path = HomeCollectionViewCell.swift; sourceTree = "<group>"; };
		58BB85DC2BB445FE00F90050 /* PreferenceCollectionViewCell.swift */ = {isa = PBXFileReference; lastKnownFileType = sourcecode.swift; path = PreferenceCollectionViewCell.swift; sourceTree = "<group>"; };
		58BB861A2BB543CA00F90050 /* ModeSelectPresentationController.swift */ = {isa = PBXFileReference; lastKnownFileType = sourcecode.swift; path = ModeSelectPresentationController.swift; sourceTree = "<group>"; };
		58BB861C2BB5440A00F90050 /* ModalSelectCell.swift */ = {isa = PBXFileReference; lastKnownFileType = sourcecode.swift; path = ModalSelectCell.swift; sourceTree = "<group>"; };
		58BB861E2BB544A500F90050 /* ModeSelectViewController.swift */ = {isa = PBXFileReference; lastKnownFileType = sourcecode.swift; path = ModeSelectViewController.swift; sourceTree = "<group>"; };
		58BB86202BB544E300F90050 /* ModeSelectTransitioningDelegate.swift */ = {isa = PBXFileReference; lastKnownFileType = sourcecode.swift; path = ModeSelectTransitioningDelegate.swift; sourceTree = "<group>"; };
		58BB86232BB54DCB00F90050 /* DeclarLabel.swift */ = {isa = PBXFileReference; lastKnownFileType = sourcecode.swift; path = DeclarLabel.swift; sourceTree = "<group>"; };
		58BB86262BB5512400F90050 /* DeclareMode.swift */ = {isa = PBXFileReference; lastKnownFileType = sourcecode.swift; path = DeclareMode.swift; sourceTree = "<group>"; };
		58D15E8F2B90585700EB74E9 /* YeonBa.app */ = {isa = PBXFileReference; explicitFileType = wrapper.application; includeInIndex = 0; path = YeonBa.app; sourceTree = BUILT_PRODUCTS_DIR; };
		58D15E922B90585700EB74E9 /* AppDelegate.swift */ = {isa = PBXFileReference; lastKnownFileType = sourcecode.swift; path = AppDelegate.swift; sourceTree = "<group>"; };
		58D15E942B90585700EB74E9 /* SceneDelegate.swift */ = {isa = PBXFileReference; lastKnownFileType = sourcecode.swift; path = SceneDelegate.swift; sourceTree = "<group>"; };
		58D15E9B2B90585A00EB74E9 /* Assets.xcassets */ = {isa = PBXFileReference; lastKnownFileType = folder.assetcatalog; path = Assets.xcassets; sourceTree = "<group>"; };
		58D15E9E2B90585A00EB74E9 /* Base */ = {isa = PBXFileReference; lastKnownFileType = file.storyboard; name = Base; path = Base.lproj/LaunchScreen.storyboard; sourceTree = "<group>"; };
		58D15EA02B90585A00EB74E9 /* Info.plist */ = {isa = PBXFileReference; lastKnownFileType = text.plist.xml; path = Info.plist; sourceTree = "<group>"; };
		58D15EA52B90585B00EB74E9 /* YeonBaTests.xctest */ = {isa = PBXFileReference; explicitFileType = wrapper.cfbundle; includeInIndex = 0; path = YeonBaTests.xctest; sourceTree = BUILT_PRODUCTS_DIR; };
		58D15EA92B90585B00EB74E9 /* YeonBaTests.swift */ = {isa = PBXFileReference; lastKnownFileType = sourcecode.swift; path = YeonBaTests.swift; sourceTree = "<group>"; };
		58D15EAF2B90585B00EB74E9 /* YeonBaUITests.xctest */ = {isa = PBXFileReference; explicitFileType = wrapper.cfbundle; includeInIndex = 0; path = YeonBaUITests.xctest; sourceTree = BUILT_PRODUCTS_DIR; };
		58D15EB32B90585B00EB74E9 /* YeonBaUITests.swift */ = {isa = PBXFileReference; lastKnownFileType = sourcecode.swift; path = YeonBaUITests.swift; sourceTree = "<group>"; };
		58D15EB52B90585B00EB74E9 /* YeonBaUITestsLaunchTests.swift */ = {isa = PBXFileReference; lastKnownFileType = sourcecode.swift; path = YeonBaUITestsLaunchTests.swift; sourceTree = "<group>"; };
		58D71EEF2B977C4A00BC3A56 /* ActualGradientButton.swift */ = {isa = PBXFileReference; lastKnownFileType = sourcecode.swift; path = ActualGradientButton.swift; sourceTree = "<group>"; };
		6E10A09B9C9BF5C74EAB10D9 /* Pods-YeonBa.release.xcconfig */ = {isa = PBXFileReference; includeInIndex = 1; lastKnownFileType = text.xcconfig; name = "Pods-YeonBa.release.xcconfig"; path = "Target Support Files/Pods-YeonBa/Pods-YeonBa.release.xcconfig"; sourceTree = "<group>"; };
		763C0AD499C12722DB55744B /* Pods-YeonBa-YeonBaUITests.debug.xcconfig */ = {isa = PBXFileReference; includeInIndex = 1; lastKnownFileType = text.xcconfig; name = "Pods-YeonBa-YeonBaUITests.debug.xcconfig"; path = "Target Support Files/Pods-YeonBa-YeonBaUITests/Pods-YeonBa-YeonBaUITests.debug.xcconfig"; sourceTree = "<group>"; };
		87F8400511F4316517C02537 /* Pods_YeonBa.framework */ = {isa = PBXFileReference; explicitFileType = wrapper.framework; includeInIndex = 0; path = Pods_YeonBa.framework; sourceTree = BUILT_PRODUCTS_DIR; };
		9A0DF527006E58E137EE2EE0 /* Pods-YeonBaTests.debug.xcconfig */ = {isa = PBXFileReference; includeInIndex = 1; lastKnownFileType = text.xcconfig; name = "Pods-YeonBaTests.debug.xcconfig"; path = "Target Support Files/Pods-YeonBaTests/Pods-YeonBaTests.debug.xcconfig"; sourceTree = "<group>"; };
		AC88E1F657E0C527CC571335 /* Pods_YeonBa_YeonBaUITests.framework */ = {isa = PBXFileReference; explicitFileType = wrapper.framework; includeInIndex = 0; path = Pods_YeonBa_YeonBaUITests.framework; sourceTree = BUILT_PRODUCTS_DIR; };
		FCB0D6DFD47FC7C37EDEDE5B /* Pods_YeonBaTests.framework */ = {isa = PBXFileReference; explicitFileType = wrapper.framework; includeInIndex = 0; path = Pods_YeonBaTests.framework; sourceTree = BUILT_PRODUCTS_DIR; };
/* End PBXFileReference section */

/* Begin PBXFrameworksBuildPhase section */
		58D15E8C2B90585700EB74E9 /* Frameworks */ = {
			isa = PBXFrameworksBuildPhase;
			buildActionMask = 2147483647;
			files = (
				34B37BAFEBEFCEE711013DFA /* Pods_YeonBa.framework in Frameworks */,
			);
			runOnlyForDeploymentPostprocessing = 0;
		};
		58D15EA22B90585B00EB74E9 /* Frameworks */ = {
			isa = PBXFrameworksBuildPhase;
			buildActionMask = 2147483647;
			files = (
				AE08BCB7921A78D8873988DB /* Pods_YeonBaTests.framework in Frameworks */,
			);
			runOnlyForDeploymentPostprocessing = 0;
		};
		58D15EAC2B90585B00EB74E9 /* Frameworks */ = {
			isa = PBXFrameworksBuildPhase;
			buildActionMask = 2147483647;
			files = (
				EC04885BC3CF8A306DD1E71F /* Pods_YeonBa_YeonBaUITests.framework in Frameworks */,
			);
			runOnlyForDeploymentPostprocessing = 0;
		};
/* End PBXFrameworksBuildPhase section */

/* Begin PBXGroup section */
		44FA544D8692B790EA8732E3 /* Pods */ = {
			isa = PBXGroup;
			children = (
				135D41D6288D154A8F7BD06C /* Pods-YeonBa.debug.xcconfig */,
				6E10A09B9C9BF5C74EAB10D9 /* Pods-YeonBa.release.xcconfig */,
				763C0AD499C12722DB55744B /* Pods-YeonBa-YeonBaUITests.debug.xcconfig */,
				467FFFB042D2F5079A139D08 /* Pods-YeonBa-YeonBaUITests.release.xcconfig */,
				9A0DF527006E58E137EE2EE0 /* Pods-YeonBaTests.debug.xcconfig */,
				1C61A7472D3DC9F43DD3F8AE /* Pods-YeonBaTests.release.xcconfig */,
			);
			path = Pods;
			sourceTree = "<group>";
		};
		584DCF272B9CC0650081149F /* SendVC */ = {
			isa = PBXGroup;
			children = (
				584DCF302B9D6C5A0081149F /* Cell */,
				584DCF2A2B9D55830081149F /* SendCupidViewController.swift */,
			);
			path = SendVC;
			sourceTree = "<group>";
		};
		584DCF282B9CC0720081149F /* FavoriteVC */ = {
			isa = PBXGroup;
			children = (
				584DCF732BA003B40081149F /* Cell */,
				584DCF2C2B9D55960081149F /* FavoriteCupidViewController.swift */,
			);
			path = FavoriteVC;
			sourceTree = "<group>";
		};
		584DCF292B9CC0800081149F /* RecieveVC */ = {
			isa = PBXGroup;
			children = (
				584DCF2E2B9D55A60081149F /* RecieveCupidViewController.swift */,
			);
			path = RecieveVC;
			sourceTree = "<group>";
		};
		584DCF302B9D6C5A0081149F /* Cell */ = {
			isa = PBXGroup;
			children = (
				584DCF712B9FF1040081149F /* SendCupidCollectionViewCell.swift */,
			);
			path = Cell;
			sourceTree = "<group>";
		};
		584DCF732BA003B40081149F /* Cell */ = {
			isa = PBXGroup;
			children = (
				584DCF742BA003C70081149F /* FavoriteCollectionViewCell.swift */,
			);
			path = Cell;
			sourceTree = "<group>";
		};
		589DF3242B907311003F03C5 /* HomeVC */ = {
			isa = PBXGroup;
			children = (
				58BB85D72BB3E50900F90050 /* VC */,
				58BB85D62BB3E50200F90050 /* Cell */,
				58D71EEF2B977C4A00BC3A56 /* ActualGradientButton.swift */,
				584DCF252B9CBA6C0081149F /* PlusCupidViewController.swift */,
			);
			path = HomeVC;
			sourceTree = "<group>";
		};
		589DF3272B907469003F03C5 /* SearchVC */ = {
			isa = PBXGroup;
			children = (
				589DF3282B90747B003F03C5 /* SearchViewController.swift */,
				584DCF7B2BA1A5880081149F /* JKSlider.swift */,
				580AAD2B2BA9375200672050 /* LocationModalViewController.swift */,
			);
			path = SearchVC;
			sourceTree = "<group>";
		};
		589DF32C2B9074C5003F03C5 /* CollectVC */ = {
			isa = PBXGroup;
			children = (
				584DCF292B9CC0800081149F /* RecieveVC */,
				584DCF282B9CC0720081149F /* FavoriteVC */,
				584DCF272B9CC0650081149F /* SendVC */,
				589DF32E2B9074E7003F03C5 /* CollectViewController.swift */,
			);
			path = CollectVC;
			sourceTree = "<group>";
		};
		589DF3302B9074FE003F03C5 /* ChatVC */ = {
			isa = PBXGroup;
			children = (
				589DF3312B90750D003F03C5 /* ChattingViewController.swift */,
			);
			path = ChatVC;
			sourceTree = "<group>";
		};
		589DF3332B907517003F03C5 /* SettingVC */ = {
			isa = PBXGroup;
			children = (
				589DF3342B907528003F03C5 /* SettingViewController.swift */,
			);
			path = SettingVC;
			sourceTree = "<group>";
		};
		589DF3742B95ECCB003F03C5 /* Fonts */ = {
			isa = PBXGroup;
			children = (
				584DCF792BA07A780081149F /* Pretendard-Medium.otf */,
				589DF37A2B96052A003F03C5 /* Pretendard-Regular.otf */,
				589DF3762B95ED86003F03C5 /* Pretendard-SemiBold.otf */,
			);
			path = Fonts;
			sourceTree = "<group>";
		};
		58BB858B2BB1D3D500F90050 /* OtherProfileVC */ = {
			isa = PBXGroup;
			children = (
				58BB86252BB550C800F90050 /* Mode */,
				58BB85DE2BB4911E00F90050 /* DeclareModal */,
				58BB85D22BB3AFEF00F90050 /* Model */,
				58BB85CB2BB3169E00F90050 /* VC */,
				58BB85CA2BB3169600F90050 /* Cell */,
			);
			path = OtherProfileVC;
			sourceTree = "<group>";
		};
		58BB85CA2BB3169600F90050 /* Cell */ = {
			isa = PBXGroup;
			children = (
				58BB85CE2BB3ABFB00F90050 /* OtherProfileCollectionViewCell.swift */,
				58BB85DC2BB445FE00F90050 /* PreferenceCollectionViewCell.swift */,
			);
			path = Cell;
			sourceTree = "<group>";
		};
		58BB85CB2BB3169E00F90050 /* VC */ = {
			isa = PBXGroup;
			children = (
				58BB85D02BB3AC4100F90050 /* OtherProfileViewController.swift */,
			);
			path = VC;
			sourceTree = "<group>";
		};
		58BB85D22BB3AFEF00F90050 /* Model */ = {
			isa = PBXGroup;
			children = (
				58BB85D42BB3B02900F90050 /* OtherProfile.swift */,
			);
			path = Model;
			sourceTree = "<group>";
		};
		58BB85D32BB3AFFD00F90050 /* App */ = {
			isa = PBXGroup;
			children = (
				58D15E942B90585700EB74E9 /* SceneDelegate.swift */,
				58D15E922B90585700EB74E9 /* AppDelegate.swift */,
			);
			path = App;
			sourceTree = "<group>";
		};
		58BB85D62BB3E50200F90050 /* Cell */ = {
			isa = PBXGroup;
			children = (
				58BB85D82BB3E55B00F90050 /* RecommendTableViewCell.swift */,
				58BB85DA2BB4230B00F90050 /* HomeCollectionViewCell.swift */,
			);
			path = Cell;
			sourceTree = "<group>";
		};
		58BB85D72BB3E50900F90050 /* VC */ = {
			isa = PBXGroup;
			children = (
				589DF3252B9073BB003F03C5 /* HomeViewController.swift */,
			);
			path = VC;
			sourceTree = "<group>";
		};
		58BB85DE2BB4911E00F90050 /* DeclareModal */ = {
			isa = PBXGroup;
			children = (
				58BB861A2BB543CA00F90050 /* ModeSelectPresentationController.swift */,
				58BB861C2BB5440A00F90050 /* ModalSelectCell.swift */,
				58BB861E2BB544A500F90050 /* ModeSelectViewController.swift */,
				58BB86202BB544E300F90050 /* ModeSelectTransitioningDelegate.swift */,
			);
			path = DeclareModal;
			sourceTree = "<group>";
		};
		58BB86222BB54DAF00F90050 /* NameSpace */ = {
			isa = PBXGroup;
			children = (
				58BB86232BB54DCB00F90050 /* DeclarLabel.swift */,
			);
			path = NameSpace;
			sourceTree = "<group>";
		};
		58BB86252BB550C800F90050 /* Mode */ = {
			isa = PBXGroup;
			children = (
				58BB86262BB5512400F90050 /* DeclareMode.swift */,
			);
			path = Mode;
			sourceTree = "<group>";
		};
		58D15E862B90585700EB74E9 = {
			isa = PBXGroup;
			children = (
				58D15E912B90585700EB74E9 /* YeonBa */,
				58D15EA82B90585B00EB74E9 /* YeonBaTests */,
				58D15EB22B90585B00EB74E9 /* YeonBaUITests */,
				58D15E902B90585700EB74E9 /* Products */,
				44FA544D8692B790EA8732E3 /* Pods */,
				73DBD3DD5A263E9104BB9837 /* Frameworks */,
			);
			sourceTree = "<group>";
		};
		58D15E902B90585700EB74E9 /* Products */ = {
			isa = PBXGroup;
			children = (
				58D15E8F2B90585700EB74E9 /* YeonBa.app */,
				58D15EA52B90585B00EB74E9 /* YeonBaTests.xctest */,
				58D15EAF2B90585B00EB74E9 /* YeonBaUITests.xctest */,
			);
			name = Products;
			sourceTree = "<group>";
		};
		58D15E912B90585700EB74E9 /* YeonBa */ = {
			isa = PBXGroup;
			children = (
				58BB86222BB54DAF00F90050 /* NameSpace */,
				58BB858B2BB1D3D500F90050 /* OtherProfileVC */,
				589DF3742B95ECCB003F03C5 /* Fonts */,
				589DF3332B907517003F03C5 /* SettingVC */,
				589DF3302B9074FE003F03C5 /* ChatVC */,
				589DF32C2B9074C5003F03C5 /* CollectVC */,
				589DF3272B907469003F03C5 /* SearchVC */,
				58BB85D32BB3AFFD00F90050 /* App */,
				589DF3242B907311003F03C5 /* HomeVC */,
				58D15E9B2B90585A00EB74E9 /* Assets.xcassets */,
				58D15E9D2B90585A00EB74E9 /* LaunchScreen.storyboard */,
				58D15EA02B90585A00EB74E9 /* Info.plist */,
				589DF32A2B9074B0003F03C5 /* tabBarController.swift */,
				589DF3362B9225D5003F03C5 /* UIColor + Extension.swift */,
			);
			path = YeonBa;
			sourceTree = "<group>";
		};
		58D15EA82B90585B00EB74E9 /* YeonBaTests */ = {
			isa = PBXGroup;
			children = (
				58D15EA92B90585B00EB74E9 /* YeonBaTests.swift */,
			);
			path = YeonBaTests;
			sourceTree = "<group>";
		};
		58D15EB22B90585B00EB74E9 /* YeonBaUITests */ = {
			isa = PBXGroup;
			children = (
				58D15EB32B90585B00EB74E9 /* YeonBaUITests.swift */,
				58D15EB52B90585B00EB74E9 /* YeonBaUITestsLaunchTests.swift */,
			);
			path = YeonBaUITests;
			sourceTree = "<group>";
		};
		73DBD3DD5A263E9104BB9837 /* Frameworks */ = {
			isa = PBXGroup;
			children = (
				87F8400511F4316517C02537 /* Pods_YeonBa.framework */,
				AC88E1F657E0C527CC571335 /* Pods_YeonBa_YeonBaUITests.framework */,
				FCB0D6DFD47FC7C37EDEDE5B /* Pods_YeonBaTests.framework */,
			);
			name = Frameworks;
			sourceTree = "<group>";
		};
/* End PBXGroup section */

/* Begin PBXNativeTarget section */
		58D15E8E2B90585700EB74E9 /* YeonBa */ = {
			isa = PBXNativeTarget;
			buildConfigurationList = 58D15EB92B90585B00EB74E9 /* Build configuration list for PBXNativeTarget "YeonBa" */;
			buildPhases = (
				1B7A92FE6414AE7B2918BF00 /* [CP] Check Pods Manifest.lock */,
				58D15E8B2B90585700EB74E9 /* Sources */,
				58D15E8C2B90585700EB74E9 /* Frameworks */,
				58D15E8D2B90585700EB74E9 /* Resources */,
				76E1B181A9E22DF7E94EF563 /* [CP] Embed Pods Frameworks */,
			);
			buildRules = (
			);
			dependencies = (
			);
			name = YeonBa;
			productName = YeonBa;
			productReference = 58D15E8F2B90585700EB74E9 /* YeonBa.app */;
			productType = "com.apple.product-type.application";
		};
		58D15EA42B90585B00EB74E9 /* YeonBaTests */ = {
			isa = PBXNativeTarget;
			buildConfigurationList = 58D15EBC2B90585B00EB74E9 /* Build configuration list for PBXNativeTarget "YeonBaTests" */;
			buildPhases = (
				56C77D31A860C1B40AE168B8 /* [CP] Check Pods Manifest.lock */,
				58D15EA12B90585B00EB74E9 /* Sources */,
				58D15EA22B90585B00EB74E9 /* Frameworks */,
				58D15EA32B90585B00EB74E9 /* Resources */,
			);
			buildRules = (
			);
			dependencies = (
				58D15EA72B90585B00EB74E9 /* PBXTargetDependency */,
			);
			name = YeonBaTests;
			productName = YeonBaTests;
			productReference = 58D15EA52B90585B00EB74E9 /* YeonBaTests.xctest */;
			productType = "com.apple.product-type.bundle.unit-test";
		};
		58D15EAE2B90585B00EB74E9 /* YeonBaUITests */ = {
			isa = PBXNativeTarget;
			buildConfigurationList = 58D15EBF2B90585B00EB74E9 /* Build configuration list for PBXNativeTarget "YeonBaUITests" */;
			buildPhases = (
				91C06BE247946B0797A11B65 /* [CP] Check Pods Manifest.lock */,
				58D15EAB2B90585B00EB74E9 /* Sources */,
				58D15EAC2B90585B00EB74E9 /* Frameworks */,
				58D15EAD2B90585B00EB74E9 /* Resources */,
				919245BE675D92B22F168E41 /* [CP] Embed Pods Frameworks */,
			);
			buildRules = (
			);
			dependencies = (
				58D15EB12B90585B00EB74E9 /* PBXTargetDependency */,
			);
			name = YeonBaUITests;
			productName = YeonBaUITests;
			productReference = 58D15EAF2B90585B00EB74E9 /* YeonBaUITests.xctest */;
			productType = "com.apple.product-type.bundle.ui-testing";
		};
/* End PBXNativeTarget section */

/* Begin PBXProject section */
		58D15E872B90585700EB74E9 /* Project object */ = {
			isa = PBXProject;
			attributes = {
				BuildIndependentTargetsInParallel = 1;
				LastSwiftUpdateCheck = 1430;
				LastUpgradeCheck = 1430;
				TargetAttributes = {
					58D15E8E2B90585700EB74E9 = {
						CreatedOnToolsVersion = 14.3.1;
					};
					58D15EA42B90585B00EB74E9 = {
						CreatedOnToolsVersion = 14.3.1;
						TestTargetID = 58D15E8E2B90585700EB74E9;
					};
					58D15EAE2B90585B00EB74E9 = {
						CreatedOnToolsVersion = 14.3.1;
						TestTargetID = 58D15E8E2B90585700EB74E9;
					};
				};
			};
			buildConfigurationList = 58D15E8A2B90585700EB74E9 /* Build configuration list for PBXProject "YeonBa" */;
			compatibilityVersion = "Xcode 14.0";
			developmentRegion = en;
			hasScannedForEncodings = 0;
			knownRegions = (
				en,
				Base,
			);
			mainGroup = 58D15E862B90585700EB74E9;
			productRefGroup = 58D15E902B90585700EB74E9 /* Products */;
			projectDirPath = "";
			projectRoot = "";
			targets = (
				58D15E8E2B90585700EB74E9 /* YeonBa */,
				58D15EA42B90585B00EB74E9 /* YeonBaTests */,
				58D15EAE2B90585B00EB74E9 /* YeonBaUITests */,
			);
		};
/* End PBXProject section */

/* Begin PBXResourcesBuildPhase section */
		58D15E8D2B90585700EB74E9 /* Resources */ = {
			isa = PBXResourcesBuildPhase;
			buildActionMask = 2147483647;
			files = (
				589DF3772B95ED86003F03C5 /* Pretendard-SemiBold.otf in Resources */,
				589DF37B2B96052A003F03C5 /* Pretendard-Regular.otf in Resources */,
				58D15E9F2B90585A00EB74E9 /* LaunchScreen.storyboard in Resources */,
				58D15E9C2B90585A00EB74E9 /* Assets.xcassets in Resources */,
			);
			runOnlyForDeploymentPostprocessing = 0;
		};
		58D15EA32B90585B00EB74E9 /* Resources */ = {
			isa = PBXResourcesBuildPhase;
			buildActionMask = 2147483647;
			files = (
			);
			runOnlyForDeploymentPostprocessing = 0;
		};
		58D15EAD2B90585B00EB74E9 /* Resources */ = {
			isa = PBXResourcesBuildPhase;
			buildActionMask = 2147483647;
			files = (
			);
			runOnlyForDeploymentPostprocessing = 0;
		};
/* End PBXResourcesBuildPhase section */

/* Begin PBXShellScriptBuildPhase section */
		1B7A92FE6414AE7B2918BF00 /* [CP] Check Pods Manifest.lock */ = {
			isa = PBXShellScriptBuildPhase;
			buildActionMask = 2147483647;
			files = (
			);
			inputFileListPaths = (
			);
			inputPaths = (
				"${PODS_PODFILE_DIR_PATH}/Podfile.lock",
				"${PODS_ROOT}/Manifest.lock",
			);
			name = "[CP] Check Pods Manifest.lock";
			outputFileListPaths = (
			);
			outputPaths = (
				"$(DERIVED_FILE_DIR)/Pods-YeonBa-checkManifestLockResult.txt",
			);
			runOnlyForDeploymentPostprocessing = 0;
			shellPath = /bin/sh;
			shellScript = "diff \"${PODS_PODFILE_DIR_PATH}/Podfile.lock\" \"${PODS_ROOT}/Manifest.lock\" > /dev/null\nif [ $? != 0 ] ; then\n    # print error to STDERR\n    echo \"error: The sandbox is not in sync with the Podfile.lock. Run 'pod install' or update your CocoaPods installation.\" >&2\n    exit 1\nfi\n# This output is used by Xcode 'outputs' to avoid re-running this script phase.\necho \"SUCCESS\" > \"${SCRIPT_OUTPUT_FILE_0}\"\n";
			showEnvVarsInLog = 0;
		};
		56C77D31A860C1B40AE168B8 /* [CP] Check Pods Manifest.lock */ = {
			isa = PBXShellScriptBuildPhase;
			buildActionMask = 2147483647;
			files = (
			);
			inputFileListPaths = (
			);
			inputPaths = (
				"${PODS_PODFILE_DIR_PATH}/Podfile.lock",
				"${PODS_ROOT}/Manifest.lock",
			);
			name = "[CP] Check Pods Manifest.lock";
			outputFileListPaths = (
			);
			outputPaths = (
				"$(DERIVED_FILE_DIR)/Pods-YeonBaTests-checkManifestLockResult.txt",
			);
			runOnlyForDeploymentPostprocessing = 0;
			shellPath = /bin/sh;
			shellScript = "diff \"${PODS_PODFILE_DIR_PATH}/Podfile.lock\" \"${PODS_ROOT}/Manifest.lock\" > /dev/null\nif [ $? != 0 ] ; then\n    # print error to STDERR\n    echo \"error: The sandbox is not in sync with the Podfile.lock. Run 'pod install' or update your CocoaPods installation.\" >&2\n    exit 1\nfi\n# This output is used by Xcode 'outputs' to avoid re-running this script phase.\necho \"SUCCESS\" > \"${SCRIPT_OUTPUT_FILE_0}\"\n";
			showEnvVarsInLog = 0;
		};
		76E1B181A9E22DF7E94EF563 /* [CP] Embed Pods Frameworks */ = {
			isa = PBXShellScriptBuildPhase;
			buildActionMask = 2147483647;
			files = (
			);
			inputFileListPaths = (
				"${PODS_ROOT}/Target Support Files/Pods-YeonBa/Pods-YeonBa-frameworks-${CONFIGURATION}-input-files.xcfilelist",
			);
			name = "[CP] Embed Pods Frameworks";
			outputFileListPaths = (
				"${PODS_ROOT}/Target Support Files/Pods-YeonBa/Pods-YeonBa-frameworks-${CONFIGURATION}-output-files.xcfilelist",
			);
			runOnlyForDeploymentPostprocessing = 0;
			shellPath = /bin/sh;
			shellScript = "\"${PODS_ROOT}/Target Support Files/Pods-YeonBa/Pods-YeonBa-frameworks.sh\"\n";
			showEnvVarsInLog = 0;
		};
		919245BE675D92B22F168E41 /* [CP] Embed Pods Frameworks */ = {
			isa = PBXShellScriptBuildPhase;
			buildActionMask = 2147483647;
			files = (
			);
			inputFileListPaths = (
				"${PODS_ROOT}/Target Support Files/Pods-YeonBa-YeonBaUITests/Pods-YeonBa-YeonBaUITests-frameworks-${CONFIGURATION}-input-files.xcfilelist",
			);
			name = "[CP] Embed Pods Frameworks";
			outputFileListPaths = (
				"${PODS_ROOT}/Target Support Files/Pods-YeonBa-YeonBaUITests/Pods-YeonBa-YeonBaUITests-frameworks-${CONFIGURATION}-output-files.xcfilelist",
			);
			runOnlyForDeploymentPostprocessing = 0;
			shellPath = /bin/sh;
			shellScript = "\"${PODS_ROOT}/Target Support Files/Pods-YeonBa-YeonBaUITests/Pods-YeonBa-YeonBaUITests-frameworks.sh\"\n";
			showEnvVarsInLog = 0;
		};
		91C06BE247946B0797A11B65 /* [CP] Check Pods Manifest.lock */ = {
			isa = PBXShellScriptBuildPhase;
			buildActionMask = 2147483647;
			files = (
			);
			inputFileListPaths = (
			);
			inputPaths = (
				"${PODS_PODFILE_DIR_PATH}/Podfile.lock",
				"${PODS_ROOT}/Manifest.lock",
			);
			name = "[CP] Check Pods Manifest.lock";
			outputFileListPaths = (
			);
			outputPaths = (
				"$(DERIVED_FILE_DIR)/Pods-YeonBa-YeonBaUITests-checkManifestLockResult.txt",
			);
			runOnlyForDeploymentPostprocessing = 0;
			shellPath = /bin/sh;
			shellScript = "diff \"${PODS_PODFILE_DIR_PATH}/Podfile.lock\" \"${PODS_ROOT}/Manifest.lock\" > /dev/null\nif [ $? != 0 ] ; then\n    # print error to STDERR\n    echo \"error: The sandbox is not in sync with the Podfile.lock. Run 'pod install' or update your CocoaPods installation.\" >&2\n    exit 1\nfi\n# This output is used by Xcode 'outputs' to avoid re-running this script phase.\necho \"SUCCESS\" > \"${SCRIPT_OUTPUT_FILE_0}\"\n";
			showEnvVarsInLog = 0;
		};
/* End PBXShellScriptBuildPhase section */

/* Begin PBXSourcesBuildPhase section */
		58D15E8B2B90585700EB74E9 /* Sources */ = {
			isa = PBXSourcesBuildPhase;
			buildActionMask = 2147483647;
			files = (
				58BB85D52BB3B02900F90050 /* OtherProfile.swift in Sources */,
				58BB861F2BB544A500F90050 /* ModeSelectViewController.swift in Sources */,
				584DCF2D2B9D55960081149F /* FavoriteCupidViewController.swift in Sources */,
				589DF3372B9225D5003F03C5 /* UIColor + Extension.swift in Sources */,
				58BB86242BB54DCB00F90050 /* DeclarLabel.swift in Sources */,
				58BB86212BB544E300F90050 /* ModeSelectTransitioningDelegate.swift in Sources */,
				589DF3292B90747B003F03C5 /* SearchViewController.swift in Sources */,
				584DCF752BA003C70081149F /* FavoriteCollectionViewCell.swift in Sources */,
				584DCF2F2B9D55A60081149F /* RecieveCupidViewController.swift in Sources */,
				589DF3322B90750D003F03C5 /* ChattingViewController.swift in Sources */,
				584DCF7C2BA1A5880081149F /* JKSlider.swift in Sources */,
				589DF32B2B9074B0003F03C5 /* tabBarController.swift in Sources */,
				584DCF262B9CBA6C0081149F /* PlusCupidViewController.swift in Sources */,
				584DCF722B9FF1040081149F /* SendCupidCollectionViewCell.swift in Sources */,
				580AAD2C2BA9375200672050 /* LocationModalViewController.swift in Sources */,
				589DF3352B907528003F03C5 /* SettingViewController.swift in Sources */,
				58D15E932B90585700EB74E9 /* AppDelegate.swift in Sources */,
				58D15E952B90585700EB74E9 /* SceneDelegate.swift in Sources */,
				584DCF2B2B9D55830081149F /* SendCupidViewController.swift in Sources */,
				58BB861B2BB543CA00F90050 /* ModeSelectPresentationController.swift in Sources */,
				58BB85CF2BB3ABFB00F90050 /* OtherProfileCollectionViewCell.swift in Sources */,
				58BB85D12BB3AC4100F90050 /* OtherProfileViewController.swift in Sources */,
				58BB85DB2BB4230B00F90050 /* HomeCollectionViewCell.swift in Sources */,
				58BB85D92BB3E55B00F90050 /* RecommendTableViewCell.swift in Sources */,
				58D71EF02B977C4A00BC3A56 /* ActualGradientButton.swift in Sources */,
				58BB86272BB5512400F90050 /* DeclareMode.swift in Sources */,
				58BB85DD2BB445FE00F90050 /* PreferenceCollectionViewCell.swift in Sources */,
				58BB861D2BB5440A00F90050 /* ModalSelectCell.swift in Sources */,
				589DF3262B9073BB003F03C5 /* HomeViewController.swift in Sources */,
				589DF32F2B9074E7003F03C5 /* CollectViewController.swift in Sources */,
			);
			runOnlyForDeploymentPostprocessing = 0;
		};
		58D15EA12B90585B00EB74E9 /* Sources */ = {
			isa = PBXSourcesBuildPhase;
			buildActionMask = 2147483647;
			files = (
				58D15EAA2B90585B00EB74E9 /* YeonBaTests.swift in Sources */,
			);
			runOnlyForDeploymentPostprocessing = 0;
		};
		58D15EAB2B90585B00EB74E9 /* Sources */ = {
			isa = PBXSourcesBuildPhase;
			buildActionMask = 2147483647;
			files = (
				58D15EB62B90585B00EB74E9 /* YeonBaUITestsLaunchTests.swift in Sources */,
				58D15EB42B90585B00EB74E9 /* YeonBaUITests.swift in Sources */,
			);
			runOnlyForDeploymentPostprocessing = 0;
		};
/* End PBXSourcesBuildPhase section */

/* Begin PBXTargetDependency section */
		58D15EA72B90585B00EB74E9 /* PBXTargetDependency */ = {
			isa = PBXTargetDependency;
			target = 58D15E8E2B90585700EB74E9 /* YeonBa */;
			targetProxy = 58D15EA62B90585B00EB74E9 /* PBXContainerItemProxy */;
		};
		58D15EB12B90585B00EB74E9 /* PBXTargetDependency */ = {
			isa = PBXTargetDependency;
			target = 58D15E8E2B90585700EB74E9 /* YeonBa */;
			targetProxy = 58D15EB02B90585B00EB74E9 /* PBXContainerItemProxy */;
		};
/* End PBXTargetDependency section */

/* Begin PBXVariantGroup section */
		58D15E9D2B90585A00EB74E9 /* LaunchScreen.storyboard */ = {
			isa = PBXVariantGroup;
			children = (
				58D15E9E2B90585A00EB74E9 /* Base */,
			);
			name = LaunchScreen.storyboard;
			sourceTree = "<group>";
		};
/* End PBXVariantGroup section */

/* Begin XCBuildConfiguration section */
		58D15EB72B90585B00EB74E9 /* Debug */ = {
			isa = XCBuildConfiguration;
			buildSettings = {
				ALWAYS_SEARCH_USER_PATHS = NO;
				CLANG_ANALYZER_NONNULL = YES;
				CLANG_ANALYZER_NUMBER_OBJECT_CONVERSION = YES_AGGRESSIVE;
				CLANG_CXX_LANGUAGE_STANDARD = "gnu++20";
				CLANG_ENABLE_MODULES = YES;
				CLANG_ENABLE_OBJC_ARC = YES;
				CLANG_ENABLE_OBJC_WEAK = YES;
				CLANG_WARN_BLOCK_CAPTURE_AUTORELEASING = YES;
				CLANG_WARN_BOOL_CONVERSION = YES;
				CLANG_WARN_COMMA = YES;
				CLANG_WARN_CONSTANT_CONVERSION = YES;
				CLANG_WARN_DEPRECATED_OBJC_IMPLEMENTATIONS = YES;
				CLANG_WARN_DIRECT_OBJC_ISA_USAGE = YES_ERROR;
				CLANG_WARN_DOCUMENTATION_COMMENTS = YES;
				CLANG_WARN_EMPTY_BODY = YES;
				CLANG_WARN_ENUM_CONVERSION = YES;
				CLANG_WARN_INFINITE_RECURSION = YES;
				CLANG_WARN_INT_CONVERSION = YES;
				CLANG_WARN_NON_LITERAL_NULL_CONVERSION = YES;
				CLANG_WARN_OBJC_IMPLICIT_RETAIN_SELF = YES;
				CLANG_WARN_OBJC_LITERAL_CONVERSION = YES;
				CLANG_WARN_OBJC_ROOT_CLASS = YES_ERROR;
				CLANG_WARN_QUOTED_INCLUDE_IN_FRAMEWORK_HEADER = YES;
				CLANG_WARN_RANGE_LOOP_ANALYSIS = YES;
				CLANG_WARN_STRICT_PROTOTYPES = YES;
				CLANG_WARN_SUSPICIOUS_MOVE = YES;
				CLANG_WARN_UNGUARDED_AVAILABILITY = YES_AGGRESSIVE;
				CLANG_WARN_UNREACHABLE_CODE = YES;
				CLANG_WARN__DUPLICATE_METHOD_MATCH = YES;
				COPY_PHASE_STRIP = NO;
				DEBUG_INFORMATION_FORMAT = dwarf;
				ENABLE_STRICT_OBJC_MSGSEND = YES;
				ENABLE_TESTABILITY = YES;
				GCC_C_LANGUAGE_STANDARD = gnu11;
				GCC_DYNAMIC_NO_PIC = NO;
				GCC_NO_COMMON_BLOCKS = YES;
				GCC_OPTIMIZATION_LEVEL = 0;
				GCC_PREPROCESSOR_DEFINITIONS = (
					"DEBUG=1",
					"$(inherited)",
				);
				GCC_WARN_64_TO_32_BIT_CONVERSION = YES;
				GCC_WARN_ABOUT_RETURN_TYPE = YES_ERROR;
				GCC_WARN_UNDECLARED_SELECTOR = YES;
				GCC_WARN_UNINITIALIZED_AUTOS = YES_AGGRESSIVE;
				GCC_WARN_UNUSED_FUNCTION = YES;
				GCC_WARN_UNUSED_VARIABLE = YES;
				IPHONEOS_DEPLOYMENT_TARGET = 17.2;
				MTL_ENABLE_DEBUG_INFO = INCLUDE_SOURCE;
				MTL_FAST_MATH = YES;
				ONLY_ACTIVE_ARCH = YES;
				SDKROOT = iphoneos;
				SWIFT_ACTIVE_COMPILATION_CONDITIONS = DEBUG;
				SWIFT_OPTIMIZATION_LEVEL = "-Onone";
			};
			name = Debug;
		};
		58D15EB82B90585B00EB74E9 /* Release */ = {
			isa = XCBuildConfiguration;
			buildSettings = {
				ALWAYS_SEARCH_USER_PATHS = NO;
				CLANG_ANALYZER_NONNULL = YES;
				CLANG_ANALYZER_NUMBER_OBJECT_CONVERSION = YES_AGGRESSIVE;
				CLANG_CXX_LANGUAGE_STANDARD = "gnu++20";
				CLANG_ENABLE_MODULES = YES;
				CLANG_ENABLE_OBJC_ARC = YES;
				CLANG_ENABLE_OBJC_WEAK = YES;
				CLANG_WARN_BLOCK_CAPTURE_AUTORELEASING = YES;
				CLANG_WARN_BOOL_CONVERSION = YES;
				CLANG_WARN_COMMA = YES;
				CLANG_WARN_CONSTANT_CONVERSION = YES;
				CLANG_WARN_DEPRECATED_OBJC_IMPLEMENTATIONS = YES;
				CLANG_WARN_DIRECT_OBJC_ISA_USAGE = YES_ERROR;
				CLANG_WARN_DOCUMENTATION_COMMENTS = YES;
				CLANG_WARN_EMPTY_BODY = YES;
				CLANG_WARN_ENUM_CONVERSION = YES;
				CLANG_WARN_INFINITE_RECURSION = YES;
				CLANG_WARN_INT_CONVERSION = YES;
				CLANG_WARN_NON_LITERAL_NULL_CONVERSION = YES;
				CLANG_WARN_OBJC_IMPLICIT_RETAIN_SELF = YES;
				CLANG_WARN_OBJC_LITERAL_CONVERSION = YES;
				CLANG_WARN_OBJC_ROOT_CLASS = YES_ERROR;
				CLANG_WARN_QUOTED_INCLUDE_IN_FRAMEWORK_HEADER = YES;
				CLANG_WARN_RANGE_LOOP_ANALYSIS = YES;
				CLANG_WARN_STRICT_PROTOTYPES = YES;
				CLANG_WARN_SUSPICIOUS_MOVE = YES;
				CLANG_WARN_UNGUARDED_AVAILABILITY = YES_AGGRESSIVE;
				CLANG_WARN_UNREACHABLE_CODE = YES;
				CLANG_WARN__DUPLICATE_METHOD_MATCH = YES;
				COPY_PHASE_STRIP = NO;
				DEBUG_INFORMATION_FORMAT = "dwarf-with-dsym";
				ENABLE_NS_ASSERTIONS = NO;
				ENABLE_STRICT_OBJC_MSGSEND = YES;
				GCC_C_LANGUAGE_STANDARD = gnu11;
				GCC_NO_COMMON_BLOCKS = YES;
				GCC_WARN_64_TO_32_BIT_CONVERSION = YES;
				GCC_WARN_ABOUT_RETURN_TYPE = YES_ERROR;
				GCC_WARN_UNDECLARED_SELECTOR = YES;
				GCC_WARN_UNINITIALIZED_AUTOS = YES_AGGRESSIVE;
				GCC_WARN_UNUSED_FUNCTION = YES;
				GCC_WARN_UNUSED_VARIABLE = YES;
				IPHONEOS_DEPLOYMENT_TARGET = 17.2;
				MTL_ENABLE_DEBUG_INFO = NO;
				MTL_FAST_MATH = YES;
				SDKROOT = iphoneos;
				SWIFT_COMPILATION_MODE = wholemodule;
				SWIFT_OPTIMIZATION_LEVEL = "-O";
				VALIDATE_PRODUCT = YES;
			};
			name = Release;
		};
		58D15EBA2B90585B00EB74E9 /* Debug */ = {
			isa = XCBuildConfiguration;
			baseConfigurationReference = 135D41D6288D154A8F7BD06C /* Pods-YeonBa.debug.xcconfig */;
			buildSettings = {
				ASSETCATALOG_COMPILER_APPICON_NAME = AppIcon;
				ASSETCATALOG_COMPILER_GLOBAL_ACCENT_COLOR_NAME = AccentColor;
				CODE_SIGN_STYLE = Automatic;
				CURRENT_PROJECT_VERSION = 1;
				DEVELOPMENT_TEAM = G62DUX396A;
				GENERATE_INFOPLIST_FILE = YES;
				INFOPLIST_FILE = YeonBa/Info.plist;
				INFOPLIST_KEY_UIApplicationSupportsIndirectInputEvents = YES;
				INFOPLIST_KEY_UILaunchStoryboardName = LaunchScreen;
				INFOPLIST_KEY_UISupportedInterfaceOrientations_iPad = "UIInterfaceOrientationPortrait UIInterfaceOrientationPortraitUpsideDown UIInterfaceOrientationLandscapeLeft UIInterfaceOrientationLandscapeRight";
				INFOPLIST_KEY_UISupportedInterfaceOrientations_iPhone = "UIInterfaceOrientationPortrait UIInterfaceOrientationLandscapeLeft UIInterfaceOrientationLandscapeRight";
				LD_RUNPATH_SEARCH_PATHS = (
					"$(inherited)",
					"@executable_path/Frameworks",
				);
				MARKETING_VERSION = 1.0;
				PRODUCT_BUNDLE_IDENTIFIER = com.YeonBa;
				PRODUCT_NAME = "$(TARGET_NAME)";
				SWIFT_EMIT_LOC_STRINGS = YES;
				SWIFT_VERSION = 5.0;
				TARGETED_DEVICE_FAMILY = "1,2";
			};
			name = Debug;
		};
		58D15EBB2B90585B00EB74E9 /* Release */ = {
			isa = XCBuildConfiguration;
			baseConfigurationReference = 6E10A09B9C9BF5C74EAB10D9 /* Pods-YeonBa.release.xcconfig */;
			buildSettings = {
				ASSETCATALOG_COMPILER_APPICON_NAME = AppIcon;
				ASSETCATALOG_COMPILER_GLOBAL_ACCENT_COLOR_NAME = AccentColor;
				CODE_SIGN_STYLE = Automatic;
				CURRENT_PROJECT_VERSION = 1;
				DEVELOPMENT_TEAM = G62DUX396A;
				GENERATE_INFOPLIST_FILE = YES;
				INFOPLIST_FILE = YeonBa/Info.plist;
				INFOPLIST_KEY_UIApplicationSupportsIndirectInputEvents = YES;
				INFOPLIST_KEY_UILaunchStoryboardName = LaunchScreen;
				INFOPLIST_KEY_UISupportedInterfaceOrientations_iPad = "UIInterfaceOrientationPortrait UIInterfaceOrientationPortraitUpsideDown UIInterfaceOrientationLandscapeLeft UIInterfaceOrientationLandscapeRight";
				INFOPLIST_KEY_UISupportedInterfaceOrientations_iPhone = "UIInterfaceOrientationPortrait UIInterfaceOrientationLandscapeLeft UIInterfaceOrientationLandscapeRight";
				LD_RUNPATH_SEARCH_PATHS = (
					"$(inherited)",
					"@executable_path/Frameworks",
				);
				MARKETING_VERSION = 1.0;
				PRODUCT_BUNDLE_IDENTIFIER = com.YeonBa;
				PRODUCT_NAME = "$(TARGET_NAME)";
				SWIFT_EMIT_LOC_STRINGS = YES;
				SWIFT_VERSION = 5.0;
				TARGETED_DEVICE_FAMILY = "1,2";
			};
			name = Release;
		};
		58D15EBD2B90585B00EB74E9 /* Debug */ = {
			isa = XCBuildConfiguration;
			baseConfigurationReference = 9A0DF527006E58E137EE2EE0 /* Pods-YeonBaTests.debug.xcconfig */;
			buildSettings = {
				ALWAYS_EMBED_SWIFT_STANDARD_LIBRARIES = YES;
				BUNDLE_LOADER = "$(TEST_HOST)";
				CODE_SIGN_STYLE = Automatic;
				CURRENT_PROJECT_VERSION = 1;
				DEVELOPMENT_TEAM = G62DUX396A;
				GENERATE_INFOPLIST_FILE = YES;
				IPHONEOS_DEPLOYMENT_TARGET = 16.4;
				MARKETING_VERSION = 1.0;
				PRODUCT_BUNDLE_IDENTIFIER = com.YeonBaTests;
				PRODUCT_NAME = "$(TARGET_NAME)";
				SWIFT_EMIT_LOC_STRINGS = NO;
				SWIFT_VERSION = 5.0;
				TARGETED_DEVICE_FAMILY = "1,2";
				TEST_HOST = "$(BUILT_PRODUCTS_DIR)/YeonBa.app/$(BUNDLE_EXECUTABLE_FOLDER_PATH)/YeonBa";
			};
			name = Debug;
		};
		58D15EBE2B90585B00EB74E9 /* Release */ = {
			isa = XCBuildConfiguration;
			baseConfigurationReference = 1C61A7472D3DC9F43DD3F8AE /* Pods-YeonBaTests.release.xcconfig */;
			buildSettings = {
				ALWAYS_EMBED_SWIFT_STANDARD_LIBRARIES = YES;
				BUNDLE_LOADER = "$(TEST_HOST)";
				CODE_SIGN_STYLE = Automatic;
				CURRENT_PROJECT_VERSION = 1;
				DEVELOPMENT_TEAM = G62DUX396A;
				GENERATE_INFOPLIST_FILE = YES;
				IPHONEOS_DEPLOYMENT_TARGET = 16.4;
				MARKETING_VERSION = 1.0;
				PRODUCT_BUNDLE_IDENTIFIER = com.YeonBaTests;
				PRODUCT_NAME = "$(TARGET_NAME)";
				SWIFT_EMIT_LOC_STRINGS = NO;
				SWIFT_VERSION = 5.0;
				TARGETED_DEVICE_FAMILY = "1,2";
				TEST_HOST = "$(BUILT_PRODUCTS_DIR)/YeonBa.app/$(BUNDLE_EXECUTABLE_FOLDER_PATH)/YeonBa";
			};
			name = Release;
		};
		58D15EC02B90585B00EB74E9 /* Debug */ = {
			isa = XCBuildConfiguration;
			baseConfigurationReference = 763C0AD499C12722DB55744B /* Pods-YeonBa-YeonBaUITests.debug.xcconfig */;
			buildSettings = {
				ALWAYS_EMBED_SWIFT_STANDARD_LIBRARIES = YES;
				CODE_SIGN_STYLE = Automatic;
				CURRENT_PROJECT_VERSION = 1;
				DEVELOPMENT_TEAM = G62DUX396A;
				GENERATE_INFOPLIST_FILE = YES;
				MARKETING_VERSION = 1.0;
				PRODUCT_BUNDLE_IDENTIFIER = com.YeonBaUITests;
				PRODUCT_NAME = "$(TARGET_NAME)";
				SWIFT_EMIT_LOC_STRINGS = NO;
				SWIFT_VERSION = 5.0;
				TARGETED_DEVICE_FAMILY = "1,2";
				TEST_TARGET_NAME = YeonBa;
			};
			name = Debug;
		};
		58D15EC12B90585B00EB74E9 /* Release */ = {
			isa = XCBuildConfiguration;
			baseConfigurationReference = 467FFFB042D2F5079A139D08 /* Pods-YeonBa-YeonBaUITests.release.xcconfig */;
			buildSettings = {
				ALWAYS_EMBED_SWIFT_STANDARD_LIBRARIES = YES;
				CODE_SIGN_STYLE = Automatic;
				CURRENT_PROJECT_VERSION = 1;
				DEVELOPMENT_TEAM = G62DUX396A;
				GENERATE_INFOPLIST_FILE = YES;
				MARKETING_VERSION = 1.0;
				PRODUCT_BUNDLE_IDENTIFIER = com.YeonBaUITests;
				PRODUCT_NAME = "$(TARGET_NAME)";
				SWIFT_EMIT_LOC_STRINGS = NO;
				SWIFT_VERSION = 5.0;
				TARGETED_DEVICE_FAMILY = "1,2";
				TEST_TARGET_NAME = YeonBa;
			};
			name = Release;
		};
/* End XCBuildConfiguration section */

/* Begin XCConfigurationList section */
		58D15E8A2B90585700EB74E9 /* Build configuration list for PBXProject "YeonBa" */ = {
			isa = XCConfigurationList;
			buildConfigurations = (
				58D15EB72B90585B00EB74E9 /* Debug */,
				58D15EB82B90585B00EB74E9 /* Release */,
			);
			defaultConfigurationIsVisible = 0;
			defaultConfigurationName = Release;
		};
		58D15EB92B90585B00EB74E9 /* Build configuration list for PBXNativeTarget "YeonBa" */ = {
			isa = XCConfigurationList;
			buildConfigurations = (
				58D15EBA2B90585B00EB74E9 /* Debug */,
				58D15EBB2B90585B00EB74E9 /* Release */,
			);
			defaultConfigurationIsVisible = 0;
			defaultConfigurationName = Release;
		};
		58D15EBC2B90585B00EB74E9 /* Build configuration list for PBXNativeTarget "YeonBaTests" */ = {
			isa = XCConfigurationList;
			buildConfigurations = (
				58D15EBD2B90585B00EB74E9 /* Debug */,
				58D15EBE2B90585B00EB74E9 /* Release */,
			);
			defaultConfigurationIsVisible = 0;
			defaultConfigurationName = Release;
		};
		58D15EBF2B90585B00EB74E9 /* Build configuration list for PBXNativeTarget "YeonBaUITests" */ = {
			isa = XCConfigurationList;
			buildConfigurations = (
				58D15EC02B90585B00EB74E9 /* Debug */,
				58D15EC12B90585B00EB74E9 /* Release */,
			);
			defaultConfigurationIsVisible = 0;
			defaultConfigurationName = Release;
		};
/* End XCConfigurationList section */
	};
	rootObject = 58D15E872B90585700EB74E9 /* Project object */;
}
